// !$*UTF8*$!
{
	archiveVersion = 1;
	classes = {
	};
	objectVersion = 50;
	objects = {

/* Begin PBXBuildFile section */
		2B025645233306B7008971FC /* LocalFeedLoader.swift in Sources */ = {isa = PBXBuildFile; fileRef = 2B025644233306B7008971FC /* LocalFeedLoader.swift */; };
		2B02564723330785008971FC /* FeedStore.swift in Sources */ = {isa = PBXBuildFile; fileRef = 2B02564623330785008971FC /* FeedStore.swift */; };
		2B06772323637A46005ABF5B /* FeedStoreSpecs.swift in Sources */ = {isa = PBXBuildFile; fileRef = 2B06772223637A46005ABF5B /* FeedStoreSpecs.swift */; };
		2B06772523637CC4005ABF5B /* XCTestCase+FeedStoreSpecs.swift in Sources */ = {isa = PBXBuildFile; fileRef = 2B06772423637CC4005ABF5B /* XCTestCase+FeedStoreSpecs.swift */; };
		2B06772723638A29005ABF5B /* XCTestCase+FailableRetrieveFeedStoreSpecs.swift in Sources */ = {isa = PBXBuildFile; fileRef = 2B06772623638A29005ABF5B /* XCTestCase+FailableRetrieveFeedStoreSpecs.swift */; };
		2B06772923638D8C005ABF5B /* XCTestCase+FailableInsertFeedStoreSpecs.swift in Sources */ = {isa = PBXBuildFile; fileRef = 2B06772823638D8C005ABF5B /* XCTestCase+FailableInsertFeedStoreSpecs.swift */; };
		2B06772B23638EB8005ABF5B /* XCTestCase+FailableDeleteFeedStoreSpecs.swift in Sources */ = {isa = PBXBuildFile; fileRef = 2B06772A23638EB8005ABF5B /* XCTestCase+FailableDeleteFeedStoreSpecs.swift */; };
		2B17E12D23247A2C0085553F /* URLSessionHTTPClient.swift in Sources */ = {isa = PBXBuildFile; fileRef = 2B17E12C23247A2C0085553F /* URLSessionHTTPClient.swift */; };
		2B17E1352325ACBC0085553F /* EssentialFeedAPIEndToEndTests.swift in Sources */ = {isa = PBXBuildFile; fileRef = 2B17E1342325ACBC0085553F /* EssentialFeedAPIEndToEndTests.swift */; };
		2B17E1372325ACBC0085553F /* EssentialFeed.framework in Frameworks */ = {isa = PBXBuildFile; fileRef = 2BFC19C822FA5D3000660AE2 /* EssentialFeed.framework */; };
		2B17E13D2325B3A60085553F /* XCTestCase+MemoryLeakTracking.swift in Sources */ = {isa = PBXBuildFile; fileRef = 2BBE49D1231F1E40003E2DD4 /* XCTestCase+MemoryLeakTracking.swift */; };
		2B1F361E2312072F0077B960 /* HTTPClient.swift in Sources */ = {isa = PBXBuildFile; fileRef = 2B1F361D2312072F0077B960 /* HTTPClient.swift */; };
		2B1F3620231208530077B960 /* FeedItemsMapper.swift in Sources */ = {isa = PBXBuildFile; fileRef = 2B1F361F231208530077B960 /* FeedItemsMapper.swift */; };
		2B310AD12300C4D000CB9A29 /* RemoteFeedLoader.swift in Sources */ = {isa = PBXBuildFile; fileRef = 2B310AD02300C4D000CB9A29 /* RemoteFeedLoader.swift */; };
		2B430E08232ED0DF001E408E /* CacheFeedUseCaseTests.swift in Sources */ = {isa = PBXBuildFile; fileRef = 2B430E07232ED0DF001E408E /* CacheFeedUseCaseTests.swift */; };
		2B480F632371128F008DE195 /* CoreDataFeedStoreTests.swift in Sources */ = {isa = PBXBuildFile; fileRef = 2B480F622371128F008DE195 /* CoreDataFeedStoreTests.swift */; };
		2B480F662371140E008DE195 /* CoreDataFeedStore.swift in Sources */ = {isa = PBXBuildFile; fileRef = 2B480F652371140E008DE195 /* CoreDataFeedStore.swift */; };
		2B54ED1C2350F39700319A29 /* ValidateFeedCacheUseCaseTests.swift in Sources */ = {isa = PBXBuildFile; fileRef = 2B54ED1B2350F39700319A29 /* ValidateFeedCacheUseCaseTests.swift */; };
		2B54ED1E2350F8BE00319A29 /* FeedCacheTestHelpers.swift in Sources */ = {isa = PBXBuildFile; fileRef = 2B54ED1D2350F8BE00319A29 /* FeedCacheTestHelpers.swift */; };
		2B54ED202350F9BE00319A29 /* ShareTestHelpers.swift in Sources */ = {isa = PBXBuildFile; fileRef = 2B54ED1F2350F9BE00319A29 /* ShareTestHelpers.swift */; };
		2B709823233D8DB600846977 /* LoadFeedFromCacheUseCaseTests.swift in Sources */ = {isa = PBXBuildFile; fileRef = 2B709822233D8DB600846977 /* LoadFeedFromCacheUseCaseTests.swift */; };
		2B709826233D8F5900846977 /* FeedStoreSpy.swift in Sources */ = {isa = PBXBuildFile; fileRef = 2B709825233D8F5900846977 /* FeedStoreSpy.swift */; };
		2BBE49D2231F1E40003E2DD4 /* XCTestCase+MemoryLeakTracking.swift in Sources */ = {isa = PBXBuildFile; fileRef = 2BBE49D1231F1E40003E2DD4 /* XCTestCase+MemoryLeakTracking.swift */; };
		2BC3FB6F233AF53300DD12D1 /* RemoteFeedItem.swift in Sources */ = {isa = PBXBuildFile; fileRef = 2BC3FB6E233AF53300DD12D1 /* RemoteFeedItem.swift */; };
		2BC3FB71233AF58F00DD12D1 /* LocalFeedImage.swift in Sources */ = {isa = PBXBuildFile; fileRef = 2BC3FB70233AF58F00DD12D1 /* LocalFeedImage.swift */; };
		2BC7A00A231B04EB002765FD /* URLSessionHTTPClientTests.swift in Sources */ = {isa = PBXBuildFile; fileRef = 2BC7A009231B04EB002765FD /* URLSessionHTTPClientTests.swift */; };
		2BDB854F22FFA670008860CC /* LoadFeedFromRemoteUseCaseTests.swift in Sources */ = {isa = PBXBuildFile; fileRef = 2BDB854E22FFA670008860CC /* LoadFeedFromRemoteUseCaseTests.swift */; };
		2BFC19D222FA5D3100660AE2 /* EssentialFeed.framework in Frameworks */ = {isa = PBXBuildFile; fileRef = 2BFC19C822FA5D3000660AE2 /* EssentialFeed.framework */; };
		2BFC19D922FA5D3100660AE2 /* EssentialFeed.h in Headers */ = {isa = PBXBuildFile; fileRef = 2BFC19CB22FA5D3000660AE2 /* EssentialFeed.h */; settings = {ATTRIBUTES = (Public, ); }; };
		2BFC19E322FA5D6A00660AE2 /* FeedImage.swift in Sources */ = {isa = PBXBuildFile; fileRef = 2BFC19E222FA5D6A00660AE2 /* FeedImage.swift */; };
		2BFC19E522FA606700660AE2 /* FeedLoader.swift in Sources */ = {isa = PBXBuildFile; fileRef = 2BFC19E422FA606700660AE2 /* FeedLoader.swift */; };
		2BFE116E2374DAC900F3DB3F /* FeedStore.xcdatamodeld in Sources */ = {isa = PBXBuildFile; fileRef = 2BFE116C2374DAC900F3DB3F /* FeedStore.xcdatamodeld */; };
		2BFE11722375D11200F3DB3F /* CoreDataHelpers.swift in Sources */ = {isa = PBXBuildFile; fileRef = 2BFE11712375D11200F3DB3F /* CoreDataHelpers.swift */; };
		2BFE11742375D37200F3DB3F /* ManagedCache.swift in Sources */ = {isa = PBXBuildFile; fileRef = 2BFE11732375D37200F3DB3F /* ManagedCache.swift */; };
		2BFE11762375D3A500F3DB3F /* ManagedFeedImage.swift in Sources */ = {isa = PBXBuildFile; fileRef = 2BFE11752375D3A500F3DB3F /* ManagedFeedImage.swift */; };
		2BFE117E2378A4C900F3DB3F /* EssentialFeedCacheIntegrationTests.swift in Sources */ = {isa = PBXBuildFile; fileRef = 2BFE117D2378A4C900F3DB3F /* EssentialFeedCacheIntegrationTests.swift */; };
		2BFE11802378A4C900F3DB3F /* EssentialFeed.framework in Frameworks */ = {isa = PBXBuildFile; fileRef = 2BFC19C822FA5D3000660AE2 /* EssentialFeed.framework */; };
		2BFE11862378A81A00F3DB3F /* XCTestCase+MemoryLeakTracking.swift in Sources */ = {isa = PBXBuildFile; fileRef = 2BBE49D1231F1E40003E2DD4 /* XCTestCase+MemoryLeakTracking.swift */; };
		2BFE11872378AB7600F3DB3F /* FeedCacheTestHelpers.swift in Sources */ = {isa = PBXBuildFile; fileRef = 2B54ED1D2350F8BE00319A29 /* FeedCacheTestHelpers.swift */; };
		2BFFF5FD2356855500E4163B /* FeedCachePolicy.swift in Sources */ = {isa = PBXBuildFile; fileRef = 2BFFF5FC2356855500E4163B /* FeedCachePolicy.swift */; };
		424E8BC923847C81007FCE77 /* ShareTestHelpers.swift in Sources */ = {isa = PBXBuildFile; fileRef = 2B54ED1F2350F9BE00319A29 /* ShareTestHelpers.swift */; };
		424E8BD82385F05C007FCE77 /* EssentialFeediOS.framework in Frameworks */ = {isa = PBXBuildFile; fileRef = 424E8BCF2385F05B007FCE77 /* EssentialFeediOS.framework */; };
		42685511238DDD5F00AB0AF7 /* FeedImageCell.swift in Sources */ = {isa = PBXBuildFile; fileRef = 42685510238DDD5F00AB0AF7 /* FeedImageCell.swift */; };
		4295A05D2390519700E37529 /* UIView+Shimmering.swift in Sources */ = {isa = PBXBuildFile; fileRef = 4295A05C2390519700E37529 /* UIView+Shimmering.swift */; };
		4295A0602395599F00E37529 /* UIImage+TestHelpers.swift in Sources */ = {isa = PBXBuildFile; fileRef = 4295A05F2395599F00E37529 /* UIImage+TestHelpers.swift */; };
		4295A06223955ADA00E37529 /* UIRefreshControl+TestHelpers.swift in Sources */ = {isa = PBXBuildFile; fileRef = 4295A06123955ADA00E37529 /* UIRefreshControl+TestHelpers.swift */; };
		4295A06423955B4E00E37529 /* UIButton+TestHelpers.swift in Sources */ = {isa = PBXBuildFile; fileRef = 4295A06323955B4E00E37529 /* UIButton+TestHelpers.swift */; };
		4295A06623955BD900E37529 /* UIControl+TestHelpers.swift in Sources */ = {isa = PBXBuildFile; fileRef = 4295A06523955BD900E37529 /* UIControl+TestHelpers.swift */; };
		4295A06A23955E5000E37529 /* FeedViewController+TestHelpers.swift in Sources */ = {isa = PBXBuildFile; fileRef = 4295A06923955E5000E37529 /* FeedViewController+TestHelpers.swift */; };
		4295A06C23955F1000E37529 /* FeedImageCell+TestHelpers.swift in Sources */ = {isa = PBXBuildFile; fileRef = 4295A06B23955F1000E37529 /* FeedImageCell+TestHelpers.swift */; };
		4295A06E23955FAF00E37529 /* FeedViewControllerTests+LoaderSpy.swift in Sources */ = {isa = PBXBuildFile; fileRef = 4295A06D23955FAF00E37529 /* FeedViewControllerTests+LoaderSpy.swift */; };
		4295A0702395603300E37529 /* FeedViewControllerTests+Assertions.swift in Sources */ = {isa = PBXBuildFile; fileRef = 4295A06F2395603300E37529 /* FeedViewControllerTests+Assertions.swift */; };
		42BE6CFC238ACE3200C9F759 /* XCTestCase+MemoryLeakTracking.swift in Sources */ = {isa = PBXBuildFile; fileRef = 2BBE49D1231F1E40003E2DD4 /* XCTestCase+MemoryLeakTracking.swift */; };
		42BE6CFE238AE70500C9F759 /* FeedViewController.swift in Sources */ = {isa = PBXBuildFile; fileRef = 42BE6CFD238AE70500C9F759 /* FeedViewController.swift */; };
		42DC640A2387FAD9000841BA /* FeedViewControllerTests.swift in Sources */ = {isa = PBXBuildFile; fileRef = 42DC64092387FAD9000841BA /* FeedViewControllerTests.swift */; };
		42DC640C238801BE000841BA /* EssentialFeed.framework in Frameworks */ = {isa = PBXBuildFile; fileRef = 2BFC19C822FA5D3000660AE2 /* EssentialFeed.framework */; };
		42DC640D238801BE000841BA /* EssentialFeed.framework in Embed Frameworks */ = {isa = PBXBuildFile; fileRef = 2BFC19C822FA5D3000660AE2 /* EssentialFeed.framework */; settings = {ATTRIBUTES = (CodeSignOnCopy, RemoveHeadersOnCopy, ); }; };
/* End PBXBuildFile section */

/* Begin PBXContainerItemProxy section */
		2B17E1382325ACBC0085553F /* PBXContainerItemProxy */ = {
			isa = PBXContainerItemProxy;
			containerPortal = 2BFC19BF22FA5D3000660AE2 /* Project object */;
			proxyType = 1;
			remoteGlobalIDString = 2BFC19C722FA5D3000660AE2;
			remoteInfo = EssentialFeed;
		};
		2BFC19D322FA5D3100660AE2 /* PBXContainerItemProxy */ = {
			isa = PBXContainerItemProxy;
			containerPortal = 2BFC19BF22FA5D3000660AE2 /* Project object */;
			proxyType = 1;
			remoteGlobalIDString = 2BFC19C722FA5D3000660AE2;
			remoteInfo = EssentialFeed;
		};
		2BFE11812378A4C900F3DB3F /* PBXContainerItemProxy */ = {
			isa = PBXContainerItemProxy;
			containerPortal = 2BFC19BF22FA5D3000660AE2 /* Project object */;
			proxyType = 1;
			remoteGlobalIDString = 2BFC19C722FA5D3000660AE2;
			remoteInfo = EssentialFeed;
		};
		424E8BD92385F05C007FCE77 /* PBXContainerItemProxy */ = {
			isa = PBXContainerItemProxy;
			containerPortal = 2BFC19BF22FA5D3000660AE2 /* Project object */;
			proxyType = 1;
			remoteGlobalIDString = 424E8BCE2385F05B007FCE77;
			remoteInfo = EssentialFeediOS;
		};
		42DC640E238801BE000841BA /* PBXContainerItemProxy */ = {
			isa = PBXContainerItemProxy;
			containerPortal = 2BFC19BF22FA5D3000660AE2 /* Project object */;
			proxyType = 1;
			remoteGlobalIDString = 2BFC19C722FA5D3000660AE2;
			remoteInfo = EssentialFeed;
		};
/* End PBXContainerItemProxy section */

/* Begin PBXCopyFilesBuildPhase section */
		42DC6410238801BE000841BA /* Embed Frameworks */ = {
			isa = PBXCopyFilesBuildPhase;
			buildActionMask = 2147483647;
			dstPath = "";
			dstSubfolderSpec = 10;
			files = (
				42DC640D238801BE000841BA /* EssentialFeed.framework in Embed Frameworks */,
			);
			name = "Embed Frameworks";
			runOnlyForDeploymentPostprocessing = 0;
		};
/* End PBXCopyFilesBuildPhase section */

/* Begin PBXFileReference section */
		2B025644233306B7008971FC /* LocalFeedLoader.swift */ = {isa = PBXFileReference; lastKnownFileType = sourcecode.swift; path = LocalFeedLoader.swift; sourceTree = "<group>"; };
		2B02564623330785008971FC /* FeedStore.swift */ = {isa = PBXFileReference; lastKnownFileType = sourcecode.swift; path = FeedStore.swift; sourceTree = "<group>"; };
		2B06772223637A46005ABF5B /* FeedStoreSpecs.swift */ = {isa = PBXFileReference; lastKnownFileType = sourcecode.swift; path = FeedStoreSpecs.swift; sourceTree = "<group>"; };
		2B06772423637CC4005ABF5B /* XCTestCase+FeedStoreSpecs.swift */ = {isa = PBXFileReference; lastKnownFileType = sourcecode.swift; path = "XCTestCase+FeedStoreSpecs.swift"; sourceTree = "<group>"; };
		2B06772623638A29005ABF5B /* XCTestCase+FailableRetrieveFeedStoreSpecs.swift */ = {isa = PBXFileReference; lastKnownFileType = sourcecode.swift; path = "XCTestCase+FailableRetrieveFeedStoreSpecs.swift"; sourceTree = "<group>"; };
		2B06772823638D8C005ABF5B /* XCTestCase+FailableInsertFeedStoreSpecs.swift */ = {isa = PBXFileReference; lastKnownFileType = sourcecode.swift; path = "XCTestCase+FailableInsertFeedStoreSpecs.swift"; sourceTree = "<group>"; };
		2B06772A23638EB8005ABF5B /* XCTestCase+FailableDeleteFeedStoreSpecs.swift */ = {isa = PBXFileReference; lastKnownFileType = sourcecode.swift; path = "XCTestCase+FailableDeleteFeedStoreSpecs.swift"; sourceTree = "<group>"; };
		2B17E12C23247A2C0085553F /* URLSessionHTTPClient.swift */ = {isa = PBXFileReference; lastKnownFileType = sourcecode.swift; path = URLSessionHTTPClient.swift; sourceTree = "<group>"; };
		2B17E1322325ACBC0085553F /* EssentialFeedAPIEndToEndTests.xctest */ = {isa = PBXFileReference; explicitFileType = wrapper.cfbundle; includeInIndex = 0; path = EssentialFeedAPIEndToEndTests.xctest; sourceTree = BUILT_PRODUCTS_DIR; };
		2B17E1342325ACBC0085553F /* EssentialFeedAPIEndToEndTests.swift */ = {isa = PBXFileReference; lastKnownFileType = sourcecode.swift; path = EssentialFeedAPIEndToEndTests.swift; sourceTree = "<group>"; };
		2B17E1362325ACBC0085553F /* Info.plist */ = {isa = PBXFileReference; lastKnownFileType = text.plist.xml; path = Info.plist; sourceTree = "<group>"; };
		2B1F361D2312072F0077B960 /* HTTPClient.swift */ = {isa = PBXFileReference; lastKnownFileType = sourcecode.swift; path = HTTPClient.swift; sourceTree = "<group>"; };
		2B1F361F231208530077B960 /* FeedItemsMapper.swift */ = {isa = PBXFileReference; lastKnownFileType = sourcecode.swift; path = FeedItemsMapper.swift; sourceTree = "<group>"; };
		2B310AD02300C4D000CB9A29 /* RemoteFeedLoader.swift */ = {isa = PBXFileReference; lastKnownFileType = sourcecode.swift; path = RemoteFeedLoader.swift; sourceTree = "<group>"; };
		2B430E07232ED0DF001E408E /* CacheFeedUseCaseTests.swift */ = {isa = PBXFileReference; lastKnownFileType = sourcecode.swift; path = CacheFeedUseCaseTests.swift; sourceTree = "<group>"; };
		2B480F622371128F008DE195 /* CoreDataFeedStoreTests.swift */ = {isa = PBXFileReference; lastKnownFileType = sourcecode.swift; path = CoreDataFeedStoreTests.swift; sourceTree = "<group>"; };
		2B480F652371140E008DE195 /* CoreDataFeedStore.swift */ = {isa = PBXFileReference; lastKnownFileType = sourcecode.swift; path = CoreDataFeedStore.swift; sourceTree = "<group>"; };
		2B54ED1B2350F39700319A29 /* ValidateFeedCacheUseCaseTests.swift */ = {isa = PBXFileReference; lastKnownFileType = sourcecode.swift; path = ValidateFeedCacheUseCaseTests.swift; sourceTree = "<group>"; };
		2B54ED1D2350F8BE00319A29 /* FeedCacheTestHelpers.swift */ = {isa = PBXFileReference; lastKnownFileType = sourcecode.swift; path = FeedCacheTestHelpers.swift; sourceTree = "<group>"; };
		2B54ED1F2350F9BE00319A29 /* ShareTestHelpers.swift */ = {isa = PBXFileReference; lastKnownFileType = sourcecode.swift; path = ShareTestHelpers.swift; sourceTree = "<group>"; };
		2B709822233D8DB600846977 /* LoadFeedFromCacheUseCaseTests.swift */ = {isa = PBXFileReference; lastKnownFileType = sourcecode.swift; path = LoadFeedFromCacheUseCaseTests.swift; sourceTree = "<group>"; };
		2B709825233D8F5900846977 /* FeedStoreSpy.swift */ = {isa = PBXFileReference; lastKnownFileType = sourcecode.swift; path = FeedStoreSpy.swift; sourceTree = "<group>"; };
		2BBE49D1231F1E40003E2DD4 /* XCTestCase+MemoryLeakTracking.swift */ = {isa = PBXFileReference; lastKnownFileType = sourcecode.swift; path = "XCTestCase+MemoryLeakTracking.swift"; sourceTree = "<group>"; };
		2BC3FB6E233AF53300DD12D1 /* RemoteFeedItem.swift */ = {isa = PBXFileReference; lastKnownFileType = sourcecode.swift; path = RemoteFeedItem.swift; sourceTree = "<group>"; };
		2BC3FB70233AF58F00DD12D1 /* LocalFeedImage.swift */ = {isa = PBXFileReference; lastKnownFileType = sourcecode.swift; path = LocalFeedImage.swift; sourceTree = "<group>"; };
		2BC7A009231B04EB002765FD /* URLSessionHTTPClientTests.swift */ = {isa = PBXFileReference; lastKnownFileType = sourcecode.swift; path = URLSessionHTTPClientTests.swift; sourceTree = "<group>"; };
		2BDB854E22FFA670008860CC /* LoadFeedFromRemoteUseCaseTests.swift */ = {isa = PBXFileReference; lastKnownFileType = sourcecode.swift; path = LoadFeedFromRemoteUseCaseTests.swift; sourceTree = "<group>"; };
		2BFC19C822FA5D3000660AE2 /* EssentialFeed.framework */ = {isa = PBXFileReference; explicitFileType = wrapper.framework; includeInIndex = 0; path = EssentialFeed.framework; sourceTree = BUILT_PRODUCTS_DIR; };
		2BFC19CB22FA5D3000660AE2 /* EssentialFeed.h */ = {isa = PBXFileReference; lastKnownFileType = sourcecode.c.h; path = EssentialFeed.h; sourceTree = "<group>"; };
		2BFC19CC22FA5D3000660AE2 /* Info.plist */ = {isa = PBXFileReference; lastKnownFileType = text.plist.xml; path = Info.plist; sourceTree = "<group>"; };
		2BFC19D122FA5D3100660AE2 /* EssentialFeedTests.xctest */ = {isa = PBXFileReference; explicitFileType = wrapper.cfbundle; includeInIndex = 0; path = EssentialFeedTests.xctest; sourceTree = BUILT_PRODUCTS_DIR; };
		2BFC19D822FA5D3100660AE2 /* Info.plist */ = {isa = PBXFileReference; lastKnownFileType = text.plist.xml; path = Info.plist; sourceTree = "<group>"; };
		2BFC19E222FA5D6A00660AE2 /* FeedImage.swift */ = {isa = PBXFileReference; lastKnownFileType = sourcecode.swift; path = FeedImage.swift; sourceTree = "<group>"; };
		2BFC19E422FA606700660AE2 /* FeedLoader.swift */ = {isa = PBXFileReference; lastKnownFileType = sourcecode.swift; path = FeedLoader.swift; sourceTree = "<group>"; };
		2BFE116D2374DAC900F3DB3F /* FeedStore.xcdatamodel */ = {isa = PBXFileReference; lastKnownFileType = wrapper.xcdatamodel; path = FeedStore.xcdatamodel; sourceTree = "<group>"; };
		2BFE11712375D11200F3DB3F /* CoreDataHelpers.swift */ = {isa = PBXFileReference; lastKnownFileType = sourcecode.swift; path = CoreDataHelpers.swift; sourceTree = "<group>"; };
		2BFE11732375D37200F3DB3F /* ManagedCache.swift */ = {isa = PBXFileReference; lastKnownFileType = sourcecode.swift; path = ManagedCache.swift; sourceTree = "<group>"; };
		2BFE11752375D3A500F3DB3F /* ManagedFeedImage.swift */ = {isa = PBXFileReference; lastKnownFileType = sourcecode.swift; path = ManagedFeedImage.swift; sourceTree = "<group>"; };
		2BFE117B2378A4C900F3DB3F /* EssentialFeedCacheIntegrationTests.xctest */ = {isa = PBXFileReference; explicitFileType = wrapper.cfbundle; includeInIndex = 0; path = EssentialFeedCacheIntegrationTests.xctest; sourceTree = BUILT_PRODUCTS_DIR; };
		2BFE117D2378A4C900F3DB3F /* EssentialFeedCacheIntegrationTests.swift */ = {isa = PBXFileReference; lastKnownFileType = sourcecode.swift; path = EssentialFeedCacheIntegrationTests.swift; sourceTree = "<group>"; };
		2BFE117F2378A4C900F3DB3F /* Info.plist */ = {isa = PBXFileReference; lastKnownFileType = text.plist.xml; path = Info.plist; sourceTree = "<group>"; };
		2BFFF5FC2356855500E4163B /* FeedCachePolicy.swift */ = {isa = PBXFileReference; lastKnownFileType = sourcecode.swift; path = FeedCachePolicy.swift; sourceTree = "<group>"; };
		424E8BCF2385F05B007FCE77 /* EssentialFeediOS.framework */ = {isa = PBXFileReference; explicitFileType = wrapper.framework; includeInIndex = 0; path = EssentialFeediOS.framework; sourceTree = BUILT_PRODUCTS_DIR; };
		424E8BD22385F05B007FCE77 /* Info.plist */ = {isa = PBXFileReference; lastKnownFileType = text.plist.xml; path = Info.plist; sourceTree = "<group>"; };
		424E8BD72385F05B007FCE77 /* EssentialFeediOSTests.xctest */ = {isa = PBXFileReference; explicitFileType = wrapper.cfbundle; includeInIndex = 0; path = EssentialFeediOSTests.xctest; sourceTree = BUILT_PRODUCTS_DIR; };
		424E8BDE2385F05C007FCE77 /* Info.plist */ = {isa = PBXFileReference; lastKnownFileType = text.plist.xml; path = Info.plist; sourceTree = "<group>"; };
		42685510238DDD5F00AB0AF7 /* FeedImageCell.swift */ = {isa = PBXFileReference; lastKnownFileType = sourcecode.swift; path = FeedImageCell.swift; sourceTree = "<group>"; };
		4295A05C2390519700E37529 /* UIView+Shimmering.swift */ = {isa = PBXFileReference; lastKnownFileType = sourcecode.swift; path = "UIView+Shimmering.swift"; sourceTree = "<group>"; };
		4295A05F2395599F00E37529 /* UIImage+TestHelpers.swift */ = {isa = PBXFileReference; lastKnownFileType = sourcecode.swift; path = "UIImage+TestHelpers.swift"; sourceTree = "<group>"; };
		4295A06123955ADA00E37529 /* UIRefreshControl+TestHelpers.swift */ = {isa = PBXFileReference; lastKnownFileType = sourcecode.swift; path = "UIRefreshControl+TestHelpers.swift"; sourceTree = "<group>"; };
		4295A06323955B4E00E37529 /* UIButton+TestHelpers.swift */ = {isa = PBXFileReference; lastKnownFileType = sourcecode.swift; path = "UIButton+TestHelpers.swift"; sourceTree = "<group>"; };
		4295A06523955BD900E37529 /* UIControl+TestHelpers.swift */ = {isa = PBXFileReference; lastKnownFileType = sourcecode.swift; path = "UIControl+TestHelpers.swift"; sourceTree = "<group>"; };
		4295A06923955E5000E37529 /* FeedViewController+TestHelpers.swift */ = {isa = PBXFileReference; lastKnownFileType = sourcecode.swift; path = "FeedViewController+TestHelpers.swift"; sourceTree = "<group>"; };
		4295A06B23955F1000E37529 /* FeedImageCell+TestHelpers.swift */ = {isa = PBXFileReference; lastKnownFileType = sourcecode.swift; path = "FeedImageCell+TestHelpers.swift"; sourceTree = "<group>"; };
		4295A06D23955FAF00E37529 /* FeedViewControllerTests+LoaderSpy.swift */ = {isa = PBXFileReference; lastKnownFileType = sourcecode.swift; path = "FeedViewControllerTests+LoaderSpy.swift"; sourceTree = "<group>"; };
		4295A06F2395603300E37529 /* FeedViewControllerTests+Assertions.swift */ = {isa = PBXFileReference; lastKnownFileType = sourcecode.swift; path = "FeedViewControllerTests+Assertions.swift"; sourceTree = "<group>"; };
		42BE6CFD238AE70500C9F759 /* FeedViewController.swift */ = {isa = PBXFileReference; lastKnownFileType = sourcecode.swift; path = FeedViewController.swift; sourceTree = "<group>"; };
		42DC64092387FAD9000841BA /* FeedViewControllerTests.swift */ = {isa = PBXFileReference; lastKnownFileType = sourcecode.swift; path = FeedViewControllerTests.swift; sourceTree = "<group>"; };
/* End PBXFileReference section */

/* Begin PBXFrameworksBuildPhase section */
		2B17E12F2325ACBC0085553F /* Frameworks */ = {
			isa = PBXFrameworksBuildPhase;
			buildActionMask = 2147483647;
			files = (
				2B17E1372325ACBC0085553F /* EssentialFeed.framework in Frameworks */,
			);
			runOnlyForDeploymentPostprocessing = 0;
		};
		2BFC19C522FA5D3000660AE2 /* Frameworks */ = {
			isa = PBXFrameworksBuildPhase;
			buildActionMask = 2147483647;
			files = (
			);
			runOnlyForDeploymentPostprocessing = 0;
		};
		2BFC19CE22FA5D3100660AE2 /* Frameworks */ = {
			isa = PBXFrameworksBuildPhase;
			buildActionMask = 2147483647;
			files = (
				2BFC19D222FA5D3100660AE2 /* EssentialFeed.framework in Frameworks */,
			);
			runOnlyForDeploymentPostprocessing = 0;
		};
		2BFE11782378A4C900F3DB3F /* Frameworks */ = {
			isa = PBXFrameworksBuildPhase;
			buildActionMask = 2147483647;
			files = (
				2BFE11802378A4C900F3DB3F /* EssentialFeed.framework in Frameworks */,
			);
			runOnlyForDeploymentPostprocessing = 0;
		};
		424E8BCC2385F05B007FCE77 /* Frameworks */ = {
			isa = PBXFrameworksBuildPhase;
			buildActionMask = 2147483647;
			files = (
				42DC640C238801BE000841BA /* EssentialFeed.framework in Frameworks */,
			);
			runOnlyForDeploymentPostprocessing = 0;
		};
		424E8BD42385F05B007FCE77 /* Frameworks */ = {
			isa = PBXFrameworksBuildPhase;
			buildActionMask = 2147483647;
			files = (
				424E8BD82385F05C007FCE77 /* EssentialFeediOS.framework in Frameworks */,
			);
			runOnlyForDeploymentPostprocessing = 0;
		};
/* End PBXFrameworksBuildPhase section */

/* Begin PBXGroup section */
		2B02564323330696008971FC /* Feed Cache */ = {
			isa = PBXGroup;
			children = (
				2B025644233306B7008971FC /* LocalFeedLoader.swift */,
				2B02564623330785008971FC /* FeedStore.swift */,
				2BC3FB70233AF58F00DD12D1 /* LocalFeedImage.swift */,
				2BFFF5FC2356855500E4163B /* FeedCachePolicy.swift */,
			);
			path = "Feed Cache";
			sourceTree = "<group>";
		};
		2B06772C23638FBD005ABF5B /* FeedStoreSpecs */ = {
			isa = PBXGroup;
			children = (
				2B06772223637A46005ABF5B /* FeedStoreSpecs.swift */,
				2B06772423637CC4005ABF5B /* XCTestCase+FeedStoreSpecs.swift */,
				2B06772623638A29005ABF5B /* XCTestCase+FailableRetrieveFeedStoreSpecs.swift */,
				2B06772823638D8C005ABF5B /* XCTestCase+FailableInsertFeedStoreSpecs.swift */,
				2B06772A23638EB8005ABF5B /* XCTestCase+FailableDeleteFeedStoreSpecs.swift */,
			);
			path = FeedStoreSpecs;
			sourceTree = "<group>";
		};
		2B17E1332325ACBC0085553F /* EssentialFeedAPIEndToEndTests */ = {
			isa = PBXGroup;
			children = (
				2B17E1342325ACBC0085553F /* EssentialFeedAPIEndToEndTests.swift */,
				2B17E1362325ACBC0085553F /* Info.plist */,
			);
			path = EssentialFeedAPIEndToEndTests;
			sourceTree = "<group>";
		};
		2B1F36212313528E0077B960 /* Feed API */ = {
			isa = PBXGroup;
			children = (
				2BDB854E22FFA670008860CC /* LoadFeedFromRemoteUseCaseTests.swift */,
				2BC7A009231B04EB002765FD /* URLSessionHTTPClientTests.swift */,
			);
			path = "Feed API";
			sourceTree = "<group>";
		};
		2B310ACF2300C49B00CB9A29 /* Feed API */ = {
			isa = PBXGroup;
			children = (
				2B310AD02300C4D000CB9A29 /* RemoteFeedLoader.swift */,
				2B1F361D2312072F0077B960 /* HTTPClient.swift */,
				2B1F361F231208530077B960 /* FeedItemsMapper.swift */,
				2B17E12C23247A2C0085553F /* URLSessionHTTPClient.swift */,
				2BC3FB6E233AF53300DD12D1 /* RemoteFeedItem.swift */,
			);
			path = "Feed API";
			sourceTree = "<group>";
		};
		2B430E06232ED0B1001E408E /* Feed Cache */ = {
			isa = PBXGroup;
			children = (
				2B709824233D8F4A00846977 /* Helpers */,
				2B06772C23638FBD005ABF5B /* FeedStoreSpecs */,
				2B430E07232ED0DF001E408E /* CacheFeedUseCaseTests.swift */,
				2B709822233D8DB600846977 /* LoadFeedFromCacheUseCaseTests.swift */,
				2B54ED1B2350F39700319A29 /* ValidateFeedCacheUseCaseTests.swift */,
				2B480F622371128F008DE195 /* CoreDataFeedStoreTests.swift */,
			);
			path = "Feed Cache";
			sourceTree = "<group>";
		};
		2B709824233D8F4A00846977 /* Helpers */ = {
			isa = PBXGroup;
			children = (
				2B709825233D8F5900846977 /* FeedStoreSpy.swift */,
				2B54ED1D2350F8BE00319A29 /* FeedCacheTestHelpers.swift */,
			);
			path = Helpers;
			sourceTree = "<group>";
		};
		2BBE49D0231F1E2F003E2DD4 /* Helpers */ = {
			isa = PBXGroup;
			children = (
				2BBE49D1231F1E40003E2DD4 /* XCTestCase+MemoryLeakTracking.swift */,
				2B54ED1F2350F9BE00319A29 /* ShareTestHelpers.swift */,
			);
			path = Helpers;
			sourceTree = "<group>";
		};
		2BFC19BE22FA5D3000660AE2 = {
			isa = PBXGroup;
			children = (
				2BFC19CA22FA5D3000660AE2 /* EssentialFeed */,
				2BFC19D522FA5D3100660AE2 /* EssentialFeedTests */,
				2B17E1332325ACBC0085553F /* EssentialFeedAPIEndToEndTests */,
				2BFE117C2378A4C900F3DB3F /* EssentialFeedCacheIntegrationTests */,
				424E8BD02385F05B007FCE77 /* EssentialFeediOS */,
				424E8BDB2385F05C007FCE77 /* EssentialFeediOSTests */,
				2BFC19C922FA5D3000660AE2 /* Products */,
				42DC640B238801BE000841BA /* Frameworks */,
			);
			sourceTree = "<group>";
		};
		2BFC19C922FA5D3000660AE2 /* Products */ = {
			isa = PBXGroup;
			children = (
				2BFC19C822FA5D3000660AE2 /* EssentialFeed.framework */,
				2BFC19D122FA5D3100660AE2 /* EssentialFeedTests.xctest */,
				2B17E1322325ACBC0085553F /* EssentialFeedAPIEndToEndTests.xctest */,
				2BFE117B2378A4C900F3DB3F /* EssentialFeedCacheIntegrationTests.xctest */,
				424E8BCF2385F05B007FCE77 /* EssentialFeediOS.framework */,
				424E8BD72385F05B007FCE77 /* EssentialFeediOSTests.xctest */,
			);
			name = Products;
			sourceTree = "<group>";
		};
		2BFC19CA22FA5D3000660AE2 /* EssentialFeed */ = {
			isa = PBXGroup;
			children = (
				2BFC19CB22FA5D3000660AE2 /* EssentialFeed.h */,
				2BFC19CC22FA5D3000660AE2 /* Info.plist */,
				2B02564323330696008971FC /* Feed Cache */,
				2BFC19E622FA619500660AE2 /* Feed Feature */,
				2B310ACF2300C49B00CB9A29 /* Feed API */,
				2BFE116F2375A9DD00F3DB3F /* Infrastructure */,
			);
			path = EssentialFeed;
			sourceTree = "<group>";
		};
		2BFC19D522FA5D3100660AE2 /* EssentialFeedTests */ = {
			isa = PBXGroup;
			children = (
				2BFC19D822FA5D3100660AE2 /* Info.plist */,
				2BBE49D0231F1E2F003E2DD4 /* Helpers */,
				2B430E06232ED0B1001E408E /* Feed Cache */,
				2B1F36212313528E0077B960 /* Feed API */,
			);
			path = EssentialFeedTests;
			sourceTree = "<group>";
		};
		2BFC19E622FA619500660AE2 /* Feed Feature */ = {
			isa = PBXGroup;
			children = (
				2BFC19E222FA5D6A00660AE2 /* FeedImage.swift */,
				2BFC19E422FA606700660AE2 /* FeedLoader.swift */,
			);
			path = "Feed Feature";
			sourceTree = "<group>";
		};
		2BFE116F2375A9DD00F3DB3F /* Infrastructure */ = {
			isa = PBXGroup;
			children = (
				2BFE11702375AA0700F3DB3F /* CoreData */,
			);
			path = Infrastructure;
			sourceTree = "<group>";
		};
		2BFE11702375AA0700F3DB3F /* CoreData */ = {
			isa = PBXGroup;
			children = (
				2B480F652371140E008DE195 /* CoreDataFeedStore.swift */,
				2BFE11712375D11200F3DB3F /* CoreDataHelpers.swift */,
				2BFE11732375D37200F3DB3F /* ManagedCache.swift */,
				2BFE11752375D3A500F3DB3F /* ManagedFeedImage.swift */,
				2BFE116C2374DAC900F3DB3F /* FeedStore.xcdatamodeld */,
			);
			path = CoreData;
			sourceTree = "<group>";
		};
		2BFE117C2378A4C900F3DB3F /* EssentialFeedCacheIntegrationTests */ = {
			isa = PBXGroup;
			children = (
				2BFE117D2378A4C900F3DB3F /* EssentialFeedCacheIntegrationTests.swift */,
				2BFE117F2378A4C900F3DB3F /* Info.plist */,
			);
			path = EssentialFeedCacheIntegrationTests;
			sourceTree = "<group>";
		};
		424E8BD02385F05B007FCE77 /* EssentialFeediOS */ = {
			isa = PBXGroup;
			children = (
				4295A06823955CA700E37529 /* Controllers */,
				4295A06723955C9C00E37529 /* Views */,
				424E8BD22385F05B007FCE77 /* Info.plist */,
			);
			path = EssentialFeediOS;
			sourceTree = "<group>";
		};
		424E8BDB2385F05C007FCE77 /* EssentialFeediOSTests */ = {
			isa = PBXGroup;
			children = (
				4295A05E2395598500E37529 /* Helpers */,
				424E8BDE2385F05C007FCE77 /* Info.plist */,
				42DC64092387FAD9000841BA /* FeedViewControllerTests.swift */,
			);
			path = EssentialFeediOSTests;
			sourceTree = "<group>";
		};
		4295A05E2395598500E37529 /* Helpers */ = {
			isa = PBXGroup;
			children = (
				4295A05F2395599F00E37529 /* UIImage+TestHelpers.swift */,
				4295A06123955ADA00E37529 /* UIRefreshControl+TestHelpers.swift */,
				4295A06323955B4E00E37529 /* UIButton+TestHelpers.swift */,
				4295A06523955BD900E37529 /* UIControl+TestHelpers.swift */,
				4295A06923955E5000E37529 /* FeedViewController+TestHelpers.swift */,
				4295A06B23955F1000E37529 /* FeedImageCell+TestHelpers.swift */,
				4295A06D23955FAF00E37529 /* FeedViewControllerTests+LoaderSpy.swift */,
				4295A06F2395603300E37529 /* FeedViewControllerTests+Assertions.swift */,
			);
			path = Helpers;
			sourceTree = "<group>";
		};
		4295A06723955C9C00E37529 /* Views */ = {
			isa = PBXGroup;
			children = (
				42685510238DDD5F00AB0AF7 /* FeedImageCell.swift */,
				4295A05C2390519700E37529 /* UIView+Shimmering.swift */,
			);
			path = Views;
			sourceTree = "<group>";
		};
		4295A06823955CA700E37529 /* Controllers */ = {
			isa = PBXGroup;
			children = (
				42BE6CFD238AE70500C9F759 /* FeedViewController.swift */,
			);
			path = Controllers;
			sourceTree = "<group>";
		};
		42DC640B238801BE000841BA /* Frameworks */ = {
			isa = PBXGroup;
			children = (
			);
			name = Frameworks;
			sourceTree = "<group>";
		};
/* End PBXGroup section */

/* Begin PBXHeadersBuildPhase section */
		2BFC19C322FA5D3000660AE2 /* Headers */ = {
			isa = PBXHeadersBuildPhase;
			buildActionMask = 2147483647;
			files = (
				2BFC19D922FA5D3100660AE2 /* EssentialFeed.h in Headers */,
			);
			runOnlyForDeploymentPostprocessing = 0;
		};
		424E8BCA2385F05B007FCE77 /* Headers */ = {
			isa = PBXHeadersBuildPhase;
			buildActionMask = 2147483647;
			files = (
			);
			runOnlyForDeploymentPostprocessing = 0;
		};
/* End PBXHeadersBuildPhase section */

/* Begin PBXNativeTarget section */
		2B17E1312325ACBC0085553F /* EssentialFeedAPIEndToEndTests */ = {
			isa = PBXNativeTarget;
			buildConfigurationList = 2B17E13A2325ACBC0085553F /* Build configuration list for PBXNativeTarget "EssentialFeedAPIEndToEndTests" */;
			buildPhases = (
				2B17E12E2325ACBC0085553F /* Sources */,
				2B17E12F2325ACBC0085553F /* Frameworks */,
				2B17E1302325ACBC0085553F /* Resources */,
			);
			buildRules = (
			);
			dependencies = (
				2B17E1392325ACBC0085553F /* PBXTargetDependency */,
			);
			name = EssentialFeedAPIEndToEndTests;
			productName = EssentialFeedAPIEndToEndTests;
			productReference = 2B17E1322325ACBC0085553F /* EssentialFeedAPIEndToEndTests.xctest */;
			productType = "com.apple.product-type.bundle.unit-test";
		};
		2BFC19C722FA5D3000660AE2 /* EssentialFeed */ = {
			isa = PBXNativeTarget;
			buildConfigurationList = 2BFC19DC22FA5D3100660AE2 /* Build configuration list for PBXNativeTarget "EssentialFeed" */;
			buildPhases = (
				2BFC19C322FA5D3000660AE2 /* Headers */,
				2BFC19C422FA5D3000660AE2 /* Sources */,
				2BFC19C522FA5D3000660AE2 /* Frameworks */,
				2BFC19C622FA5D3000660AE2 /* Resources */,
			);
			buildRules = (
			);
			dependencies = (
			);
			name = EssentialFeed;
			productName = EssentialFeed;
			productReference = 2BFC19C822FA5D3000660AE2 /* EssentialFeed.framework */;
			productType = "com.apple.product-type.framework";
		};
		2BFC19D022FA5D3100660AE2 /* EssentialFeedTests */ = {
			isa = PBXNativeTarget;
			buildConfigurationList = 2BFC19DF22FA5D3100660AE2 /* Build configuration list for PBXNativeTarget "EssentialFeedTests" */;
			buildPhases = (
				2BFC19CD22FA5D3100660AE2 /* Sources */,
				2BFC19CE22FA5D3100660AE2 /* Frameworks */,
				2BFC19CF22FA5D3100660AE2 /* Resources */,
			);
			buildRules = (
			);
			dependencies = (
				2BFC19D422FA5D3100660AE2 /* PBXTargetDependency */,
			);
			name = EssentialFeedTests;
			productName = EssentialFeedTests;
			productReference = 2BFC19D122FA5D3100660AE2 /* EssentialFeedTests.xctest */;
			productType = "com.apple.product-type.bundle.unit-test";
		};
		2BFE117A2378A4C900F3DB3F /* EssentialFeedCacheIntegrationTests */ = {
			isa = PBXNativeTarget;
			buildConfigurationList = 2BFE11852378A4C900F3DB3F /* Build configuration list for PBXNativeTarget "EssentialFeedCacheIntegrationTests" */;
			buildPhases = (
				2BFE11772378A4C900F3DB3F /* Sources */,
				2BFE11782378A4C900F3DB3F /* Frameworks */,
				2BFE11792378A4C900F3DB3F /* Resources */,
			);
			buildRules = (
			);
			dependencies = (
				2BFE11822378A4C900F3DB3F /* PBXTargetDependency */,
			);
			name = EssentialFeedCacheIntegrationTests;
			productName = EssentialFeedCacheIntegrationTests;
			productReference = 2BFE117B2378A4C900F3DB3F /* EssentialFeedCacheIntegrationTests.xctest */;
			productType = "com.apple.product-type.bundle.unit-test";
		};
		424E8BCE2385F05B007FCE77 /* EssentialFeediOS */ = {
			isa = PBXNativeTarget;
			buildConfigurationList = 424E8BE02385F05C007FCE77 /* Build configuration list for PBXNativeTarget "EssentialFeediOS" */;
			buildPhases = (
				424E8BCA2385F05B007FCE77 /* Headers */,
				424E8BCB2385F05B007FCE77 /* Sources */,
				424E8BCC2385F05B007FCE77 /* Frameworks */,
				424E8BCD2385F05B007FCE77 /* Resources */,
				42DC6410238801BE000841BA /* Embed Frameworks */,
			);
			buildRules = (
			);
			dependencies = (
				42DC640F238801BE000841BA /* PBXTargetDependency */,
			);
			name = EssentialFeediOS;
			productName = EssentialFeediOS;
			productReference = 424E8BCF2385F05B007FCE77 /* EssentialFeediOS.framework */;
			productType = "com.apple.product-type.framework";
		};
		424E8BD62385F05B007FCE77 /* EssentialFeediOSTests */ = {
			isa = PBXNativeTarget;
			buildConfigurationList = 424E8BE32385F05C007FCE77 /* Build configuration list for PBXNativeTarget "EssentialFeediOSTests" */;
			buildPhases = (
				424E8BD32385F05B007FCE77 /* Sources */,
				424E8BD42385F05B007FCE77 /* Frameworks */,
				424E8BD52385F05B007FCE77 /* Resources */,
			);
			buildRules = (
			);
			dependencies = (
				424E8BDA2385F05C007FCE77 /* PBXTargetDependency */,
			);
			name = EssentialFeediOSTests;
			productName = EssentialFeediOSTests;
			productReference = 424E8BD72385F05B007FCE77 /* EssentialFeediOSTests.xctest */;
			productType = "com.apple.product-type.bundle.unit-test";
		};
/* End PBXNativeTarget section */

/* Begin PBXProject section */
		2BFC19BF22FA5D3000660AE2 /* Project object */ = {
			isa = PBXProject;
			attributes = {
				LastSwiftUpdateCheck = 1120;
				LastUpgradeCheck = 1030;
				ORGANIZATIONNAME = "Mauricio Cesar Maniglia Junior";
				TargetAttributes = {
					2B17E1312325ACBC0085553F = {
						CreatedOnToolsVersion = 10.3;
					};
					2BFC19C722FA5D3000660AE2 = {
						CreatedOnToolsVersion = 10.3;
						LastSwiftMigration = 1030;
					};
					2BFC19D022FA5D3100660AE2 = {
						CreatedOnToolsVersion = 10.3;
					};
					2BFE117A2378A4C900F3DB3F = {
						CreatedOnToolsVersion = 11.2;
					};
					424E8BCE2385F05B007FCE77 = {
						CreatedOnToolsVersion = 11.2.1;
						LastSwiftMigration = 1120;
					};
					424E8BD62385F05B007FCE77 = {
						CreatedOnToolsVersion = 11.2.1;
						LastSwiftMigration = 1120;
					};
				};
			};
			buildConfigurationList = 2BFC19C222FA5D3000660AE2 /* Build configuration list for PBXProject "EssentialFeed" */;
			compatibilityVersion = "Xcode 9.3";
			developmentRegion = en;
			hasScannedForEncodings = 0;
			knownRegions = (
				en,
				Base,
			);
			mainGroup = 2BFC19BE22FA5D3000660AE2;
			productRefGroup = 2BFC19C922FA5D3000660AE2 /* Products */;
			projectDirPath = "";
			projectRoot = "";
			targets = (
				2BFC19C722FA5D3000660AE2 /* EssentialFeed */,
				2BFC19D022FA5D3100660AE2 /* EssentialFeedTests */,
				2B17E1312325ACBC0085553F /* EssentialFeedAPIEndToEndTests */,
				2BFE117A2378A4C900F3DB3F /* EssentialFeedCacheIntegrationTests */,
				424E8BCE2385F05B007FCE77 /* EssentialFeediOS */,
				424E8BD62385F05B007FCE77 /* EssentialFeediOSTests */,
			);
		};
/* End PBXProject section */

/* Begin PBXResourcesBuildPhase section */
		2B17E1302325ACBC0085553F /* Resources */ = {
			isa = PBXResourcesBuildPhase;
			buildActionMask = 2147483647;
			files = (
			);
			runOnlyForDeploymentPostprocessing = 0;
		};
		2BFC19C622FA5D3000660AE2 /* Resources */ = {
			isa = PBXResourcesBuildPhase;
			buildActionMask = 2147483647;
			files = (
			);
			runOnlyForDeploymentPostprocessing = 0;
		};
		2BFC19CF22FA5D3100660AE2 /* Resources */ = {
			isa = PBXResourcesBuildPhase;
			buildActionMask = 2147483647;
			files = (
			);
			runOnlyForDeploymentPostprocessing = 0;
		};
		2BFE11792378A4C900F3DB3F /* Resources */ = {
			isa = PBXResourcesBuildPhase;
			buildActionMask = 2147483647;
			files = (
			);
			runOnlyForDeploymentPostprocessing = 0;
		};
		424E8BCD2385F05B007FCE77 /* Resources */ = {
			isa = PBXResourcesBuildPhase;
			buildActionMask = 2147483647;
			files = (
			);
			runOnlyForDeploymentPostprocessing = 0;
		};
		424E8BD52385F05B007FCE77 /* Resources */ = {
			isa = PBXResourcesBuildPhase;
			buildActionMask = 2147483647;
			files = (
			);
			runOnlyForDeploymentPostprocessing = 0;
		};
/* End PBXResourcesBuildPhase section */

/* Begin PBXSourcesBuildPhase section */
		2B17E12E2325ACBC0085553F /* Sources */ = {
			isa = PBXSourcesBuildPhase;
			buildActionMask = 2147483647;
			files = (
				2B17E1352325ACBC0085553F /* EssentialFeedAPIEndToEndTests.swift in Sources */,
				2B17E13D2325B3A60085553F /* XCTestCase+MemoryLeakTracking.swift in Sources */,
			);
			runOnlyForDeploymentPostprocessing = 0;
		};
		2BFC19C422FA5D3000660AE2 /* Sources */ = {
			isa = PBXSourcesBuildPhase;
			buildActionMask = 2147483647;
			files = (
				2BFE11722375D11200F3DB3F /* CoreDataHelpers.swift in Sources */,
				2B1F3620231208530077B960 /* FeedItemsMapper.swift in Sources */,
				2BFC19E522FA606700660AE2 /* FeedLoader.swift in Sources */,
				2BC3FB6F233AF53300DD12D1 /* RemoteFeedItem.swift in Sources */,
				2BFFF5FD2356855500E4163B /* FeedCachePolicy.swift in Sources */,
				2B310AD12300C4D000CB9A29 /* RemoteFeedLoader.swift in Sources */,
				2BFE116E2374DAC900F3DB3F /* FeedStore.xcdatamodeld in Sources */,
				2BC3FB71233AF58F00DD12D1 /* LocalFeedImage.swift in Sources */,
				2B02564723330785008971FC /* FeedStore.swift in Sources */,
				2B025645233306B7008971FC /* LocalFeedLoader.swift in Sources */,
				2B1F361E2312072F0077B960 /* HTTPClient.swift in Sources */,
				2BFC19E322FA5D6A00660AE2 /* FeedImage.swift in Sources */,
				2B17E12D23247A2C0085553F /* URLSessionHTTPClient.swift in Sources */,
				2BFE11742375D37200F3DB3F /* ManagedCache.swift in Sources */,
				2B480F662371140E008DE195 /* CoreDataFeedStore.swift in Sources */,
				2BFE11762375D3A500F3DB3F /* ManagedFeedImage.swift in Sources */,
			);
			runOnlyForDeploymentPostprocessing = 0;
		};
		2BFC19CD22FA5D3100660AE2 /* Sources */ = {
			isa = PBXSourcesBuildPhase;
			buildActionMask = 2147483647;
			files = (
				2B54ED1E2350F8BE00319A29 /* FeedCacheTestHelpers.swift in Sources */,
				2B54ED1C2350F39700319A29 /* ValidateFeedCacheUseCaseTests.swift in Sources */,
				2BDB854F22FFA670008860CC /* LoadFeedFromRemoteUseCaseTests.swift in Sources */,
				2B06772923638D8C005ABF5B /* XCTestCase+FailableInsertFeedStoreSpecs.swift in Sources */,
				2BC7A00A231B04EB002765FD /* URLSessionHTTPClientTests.swift in Sources */,
				2B54ED202350F9BE00319A29 /* ShareTestHelpers.swift in Sources */,
				2B709826233D8F5900846977 /* FeedStoreSpy.swift in Sources */,
				2B430E08232ED0DF001E408E /* CacheFeedUseCaseTests.swift in Sources */,
				2B06772B23638EB8005ABF5B /* XCTestCase+FailableDeleteFeedStoreSpecs.swift in Sources */,
				2B06772723638A29005ABF5B /* XCTestCase+FailableRetrieveFeedStoreSpecs.swift in Sources */,
				2B709823233D8DB600846977 /* LoadFeedFromCacheUseCaseTests.swift in Sources */,
				2B06772323637A46005ABF5B /* FeedStoreSpecs.swift in Sources */,
				2BBE49D2231F1E40003E2DD4 /* XCTestCase+MemoryLeakTracking.swift in Sources */,
				2B480F632371128F008DE195 /* CoreDataFeedStoreTests.swift in Sources */,
				2B06772523637CC4005ABF5B /* XCTestCase+FeedStoreSpecs.swift in Sources */,
			);
			runOnlyForDeploymentPostprocessing = 0;
		};
		2BFE11772378A4C900F3DB3F /* Sources */ = {
			isa = PBXSourcesBuildPhase;
			buildActionMask = 2147483647;
			files = (
				2BFE117E2378A4C900F3DB3F /* EssentialFeedCacheIntegrationTests.swift in Sources */,
				2BFE11872378AB7600F3DB3F /* FeedCacheTestHelpers.swift in Sources */,
				2BFE11862378A81A00F3DB3F /* XCTestCase+MemoryLeakTracking.swift in Sources */,
				424E8BC923847C81007FCE77 /* ShareTestHelpers.swift in Sources */,
			);
			runOnlyForDeploymentPostprocessing = 0;
		};
		424E8BCB2385F05B007FCE77 /* Sources */ = {
			isa = PBXSourcesBuildPhase;
			buildActionMask = 2147483647;
			files = (
				4295A05D2390519700E37529 /* UIView+Shimmering.swift in Sources */,
				42BE6CFE238AE70500C9F759 /* FeedViewController.swift in Sources */,
				42685511238DDD5F00AB0AF7 /* FeedImageCell.swift in Sources */,
			);
			runOnlyForDeploymentPostprocessing = 0;
		};
		424E8BD32385F05B007FCE77 /* Sources */ = {
			isa = PBXSourcesBuildPhase;
			buildActionMask = 2147483647;
			files = (
				42DC640A2387FAD9000841BA /* FeedViewControllerTests.swift in Sources */,
				4295A0702395603300E37529 /* FeedViewControllerTests+Assertions.swift in Sources */,
				4295A06423955B4E00E37529 /* UIButton+TestHelpers.swift in Sources */,
				4295A06223955ADA00E37529 /* UIRefreshControl+TestHelpers.swift in Sources */,
				4295A06623955BD900E37529 /* UIControl+TestHelpers.swift in Sources */,
				4295A06E23955FAF00E37529 /* FeedViewControllerTests+LoaderSpy.swift in Sources */,
				4295A06A23955E5000E37529 /* FeedViewController+TestHelpers.swift in Sources */,
				42BE6CFC238ACE3200C9F759 /* XCTestCase+MemoryLeakTracking.swift in Sources */,
				4295A0602395599F00E37529 /* UIImage+TestHelpers.swift in Sources */,
				4295A06C23955F1000E37529 /* FeedImageCell+TestHelpers.swift in Sources */,
			);
			runOnlyForDeploymentPostprocessing = 0;
		};
/* End PBXSourcesBuildPhase section */

/* Begin PBXTargetDependency section */
		2B17E1392325ACBC0085553F /* PBXTargetDependency */ = {
			isa = PBXTargetDependency;
			target = 2BFC19C722FA5D3000660AE2 /* EssentialFeed */;
			targetProxy = 2B17E1382325ACBC0085553F /* PBXContainerItemProxy */;
		};
		2BFC19D422FA5D3100660AE2 /* PBXTargetDependency */ = {
			isa = PBXTargetDependency;
			target = 2BFC19C722FA5D3000660AE2 /* EssentialFeed */;
			targetProxy = 2BFC19D322FA5D3100660AE2 /* PBXContainerItemProxy */;
		};
		2BFE11822378A4C900F3DB3F /* PBXTargetDependency */ = {
			isa = PBXTargetDependency;
			target = 2BFC19C722FA5D3000660AE2 /* EssentialFeed */;
			targetProxy = 2BFE11812378A4C900F3DB3F /* PBXContainerItemProxy */;
		};
		424E8BDA2385F05C007FCE77 /* PBXTargetDependency */ = {
			isa = PBXTargetDependency;
			target = 424E8BCE2385F05B007FCE77 /* EssentialFeediOS */;
			targetProxy = 424E8BD92385F05C007FCE77 /* PBXContainerItemProxy */;
		};
		42DC640F238801BE000841BA /* PBXTargetDependency */ = {
			isa = PBXTargetDependency;
			target = 2BFC19C722FA5D3000660AE2 /* EssentialFeed */;
			targetProxy = 42DC640E238801BE000841BA /* PBXContainerItemProxy */;
		};
/* End PBXTargetDependency section */

/* Begin XCBuildConfiguration section */
		2B17E13B2325ACBC0085553F /* Debug */ = {
			isa = XCBuildConfiguration;
			buildSettings = {
				CODE_SIGN_IDENTITY = "-";
				CODE_SIGN_STYLE = Automatic;
				COMBINE_HIDPI_IMAGES = YES;
				DEVELOPMENT_TEAM = "";
				INFOPLIST_FILE = EssentialFeedAPIEndToEndTests/Info.plist;
				LD_RUNPATH_SEARCH_PATHS = (
					"$(inherited)",
					"@executable_path/../Frameworks",
					"@loader_path/../Frameworks",
				);
				PRODUCT_BUNDLE_IDENTIFIER = manigliamauricio.EssentialFeedAPIEndToEndTests;
				PRODUCT_NAME = "$(TARGET_NAME)";
				SUPPORTED_PLATFORMS = "macosx iphoneos iphonesimulator";
				SWIFT_VERSION = 5.0;
			};
			name = Debug;
		};
		2B17E13C2325ACBC0085553F /* Release */ = {
			isa = XCBuildConfiguration;
			buildSettings = {
				CODE_SIGN_IDENTITY = "-";
				CODE_SIGN_STYLE = Automatic;
				COMBINE_HIDPI_IMAGES = YES;
				DEVELOPMENT_TEAM = "";
				INFOPLIST_FILE = EssentialFeedAPIEndToEndTests/Info.plist;
				LD_RUNPATH_SEARCH_PATHS = (
					"$(inherited)",
					"@executable_path/../Frameworks",
					"@loader_path/../Frameworks",
				);
				PRODUCT_BUNDLE_IDENTIFIER = manigliamauricio.EssentialFeedAPIEndToEndTests;
				PRODUCT_NAME = "$(TARGET_NAME)";
				SUPPORTED_PLATFORMS = "macosx iphoneos iphonesimulator";
				SWIFT_VERSION = 5.0;
			};
			name = Release;
		};
		2BFC19DA22FA5D3100660AE2 /* Debug */ = {
			isa = XCBuildConfiguration;
			buildSettings = {
				ALWAYS_SEARCH_USER_PATHS = NO;
				CLANG_ANALYZER_NONNULL = YES;
				CLANG_ANALYZER_NUMBER_OBJECT_CONVERSION = YES_AGGRESSIVE;
				CLANG_CXX_LANGUAGE_STANDARD = "gnu++14";
				CLANG_CXX_LIBRARY = "libc++";
				CLANG_ENABLE_MODULES = YES;
				CLANG_ENABLE_OBJC_ARC = YES;
				CLANG_ENABLE_OBJC_WEAK = YES;
				CLANG_WARN_BLOCK_CAPTURE_AUTORELEASING = YES;
				CLANG_WARN_BOOL_CONVERSION = YES;
				CLANG_WARN_COMMA = YES;
				CLANG_WARN_CONSTANT_CONVERSION = YES;
				CLANG_WARN_DEPRECATED_OBJC_IMPLEMENTATIONS = YES;
				CLANG_WARN_DIRECT_OBJC_ISA_USAGE = YES_ERROR;
				CLANG_WARN_DOCUMENTATION_COMMENTS = YES;
				CLANG_WARN_EMPTY_BODY = YES;
				CLANG_WARN_ENUM_CONVERSION = YES;
				CLANG_WARN_INFINITE_RECURSION = YES;
				CLANG_WARN_INT_CONVERSION = YES;
				CLANG_WARN_NON_LITERAL_NULL_CONVERSION = YES;
				CLANG_WARN_OBJC_IMPLICIT_RETAIN_SELF = YES;
				CLANG_WARN_OBJC_LITERAL_CONVERSION = YES;
				CLANG_WARN_OBJC_ROOT_CLASS = YES_ERROR;
				CLANG_WARN_RANGE_LOOP_ANALYSIS = YES;
				CLANG_WARN_STRICT_PROTOTYPES = YES;
				CLANG_WARN_SUSPICIOUS_MOVE = YES;
				CLANG_WARN_UNGUARDED_AVAILABILITY = YES_AGGRESSIVE;
				CLANG_WARN_UNREACHABLE_CODE = YES;
				CLANG_WARN__DUPLICATE_METHOD_MATCH = YES;
				CODE_SIGN_IDENTITY = "Mac Developer";
				COPY_PHASE_STRIP = NO;
				CURRENT_PROJECT_VERSION = 1;
				DEBUG_INFORMATION_FORMAT = dwarf;
				ENABLE_STRICT_OBJC_MSGSEND = YES;
				ENABLE_TESTABILITY = YES;
				GCC_C_LANGUAGE_STANDARD = gnu11;
				GCC_DYNAMIC_NO_PIC = NO;
				GCC_NO_COMMON_BLOCKS = YES;
				GCC_OPTIMIZATION_LEVEL = 0;
				GCC_PREPROCESSOR_DEFINITIONS = (
					"DEBUG=1",
					"$(inherited)",
				);
				GCC_WARN_64_TO_32_BIT_CONVERSION = YES;
				GCC_WARN_ABOUT_RETURN_TYPE = YES_ERROR;
				GCC_WARN_UNDECLARED_SELECTOR = YES;
				GCC_WARN_UNINITIALIZED_AUTOS = YES_AGGRESSIVE;
				GCC_WARN_UNUSED_FUNCTION = YES;
				GCC_WARN_UNUSED_VARIABLE = YES;
				MACOSX_DEPLOYMENT_TARGET = 10.14;
				MTL_ENABLE_DEBUG_INFO = INCLUDE_SOURCE;
				MTL_FAST_MATH = YES;
				ONLY_ACTIVE_ARCH = YES;
				SDKROOT = macosx;
				SWIFT_ACTIVE_COMPILATION_CONDITIONS = DEBUG;
				SWIFT_OPTIMIZATION_LEVEL = "-Onone";
				VERSIONING_SYSTEM = "apple-generic";
				VERSION_INFO_PREFIX = "";
			};
			name = Debug;
		};
		2BFC19DB22FA5D3100660AE2 /* Release */ = {
			isa = XCBuildConfiguration;
			buildSettings = {
				ALWAYS_SEARCH_USER_PATHS = NO;
				CLANG_ANALYZER_NONNULL = YES;
				CLANG_ANALYZER_NUMBER_OBJECT_CONVERSION = YES_AGGRESSIVE;
				CLANG_CXX_LANGUAGE_STANDARD = "gnu++14";
				CLANG_CXX_LIBRARY = "libc++";
				CLANG_ENABLE_MODULES = YES;
				CLANG_ENABLE_OBJC_ARC = YES;
				CLANG_ENABLE_OBJC_WEAK = YES;
				CLANG_WARN_BLOCK_CAPTURE_AUTORELEASING = YES;
				CLANG_WARN_BOOL_CONVERSION = YES;
				CLANG_WARN_COMMA = YES;
				CLANG_WARN_CONSTANT_CONVERSION = YES;
				CLANG_WARN_DEPRECATED_OBJC_IMPLEMENTATIONS = YES;
				CLANG_WARN_DIRECT_OBJC_ISA_USAGE = YES_ERROR;
				CLANG_WARN_DOCUMENTATION_COMMENTS = YES;
				CLANG_WARN_EMPTY_BODY = YES;
				CLANG_WARN_ENUM_CONVERSION = YES;
				CLANG_WARN_INFINITE_RECURSION = YES;
				CLANG_WARN_INT_CONVERSION = YES;
				CLANG_WARN_NON_LITERAL_NULL_CONVERSION = YES;
				CLANG_WARN_OBJC_IMPLICIT_RETAIN_SELF = YES;
				CLANG_WARN_OBJC_LITERAL_CONVERSION = YES;
				CLANG_WARN_OBJC_ROOT_CLASS = YES_ERROR;
				CLANG_WARN_RANGE_LOOP_ANALYSIS = YES;
				CLANG_WARN_STRICT_PROTOTYPES = YES;
				CLANG_WARN_SUSPICIOUS_MOVE = YES;
				CLANG_WARN_UNGUARDED_AVAILABILITY = YES_AGGRESSIVE;
				CLANG_WARN_UNREACHABLE_CODE = YES;
				CLANG_WARN__DUPLICATE_METHOD_MATCH = YES;
				CODE_SIGN_IDENTITY = "Mac Developer";
				COPY_PHASE_STRIP = NO;
				CURRENT_PROJECT_VERSION = 1;
				DEBUG_INFORMATION_FORMAT = "dwarf-with-dsym";
				ENABLE_NS_ASSERTIONS = NO;
				ENABLE_STRICT_OBJC_MSGSEND = YES;
				GCC_C_LANGUAGE_STANDARD = gnu11;
				GCC_NO_COMMON_BLOCKS = YES;
				GCC_WARN_64_TO_32_BIT_CONVERSION = YES;
				GCC_WARN_ABOUT_RETURN_TYPE = YES_ERROR;
				GCC_WARN_UNDECLARED_SELECTOR = YES;
				GCC_WARN_UNINITIALIZED_AUTOS = YES_AGGRESSIVE;
				GCC_WARN_UNUSED_FUNCTION = YES;
				GCC_WARN_UNUSED_VARIABLE = YES;
				MACOSX_DEPLOYMENT_TARGET = 10.14;
				MTL_ENABLE_DEBUG_INFO = NO;
				MTL_FAST_MATH = YES;
				SDKROOT = macosx;
				SWIFT_COMPILATION_MODE = wholemodule;
				SWIFT_OPTIMIZATION_LEVEL = "-O";
				VERSIONING_SYSTEM = "apple-generic";
				VERSION_INFO_PREFIX = "";
			};
			name = Release;
		};
		2BFC19DD22FA5D3100660AE2 /* Debug */ = {
			isa = XCBuildConfiguration;
			buildSettings = {
				CLANG_ENABLE_MODULES = YES;
				CODE_SIGN_IDENTITY = "";
				CODE_SIGN_STYLE = Automatic;
				COMBINE_HIDPI_IMAGES = YES;
				DEFINES_MODULE = YES;
				DERIVE_MACCATALYST_PRODUCT_BUNDLE_IDENTIFIER = NO;
				DEVELOPMENT_TEAM = "";
				DYLIB_COMPATIBILITY_VERSION = 1;
				DYLIB_CURRENT_VERSION = 1;
				DYLIB_INSTALL_NAME_BASE = "@rpath";
				FRAMEWORK_VERSION = A;
				INFOPLIST_FILE = EssentialFeed/Info.plist;
				INSTALL_PATH = "$(LOCAL_LIBRARY_DIR)/Frameworks";
				LD_RUNPATH_SEARCH_PATHS = (
					"$(inherited)",
					"@executable_path/../Frameworks",
					"@loader_path/Frameworks",
				);
				PRODUCT_BUNDLE_IDENTIFIER = manigliamauricio.EssentialFeed;
				PRODUCT_NAME = "$(TARGET_NAME:c99extidentifier)";
				SKIP_INSTALL = YES;
				SUPPORTED_PLATFORMS = "macosx iphoneos iphonesimulator";
				SUPPORTS_MACCATALYST = NO;
				SWIFT_OPTIMIZATION_LEVEL = "-Onone";
				SWIFT_VERSION = 5.0;
			};
			name = Debug;
		};
		2BFC19DE22FA5D3100660AE2 /* Release */ = {
			isa = XCBuildConfiguration;
			buildSettings = {
				CLANG_ENABLE_MODULES = YES;
				CODE_SIGN_IDENTITY = "";
				CODE_SIGN_STYLE = Automatic;
				COMBINE_HIDPI_IMAGES = YES;
				DEFINES_MODULE = YES;
				DERIVE_MACCATALYST_PRODUCT_BUNDLE_IDENTIFIER = NO;
				DEVELOPMENT_TEAM = "";
				DYLIB_COMPATIBILITY_VERSION = 1;
				DYLIB_CURRENT_VERSION = 1;
				DYLIB_INSTALL_NAME_BASE = "@rpath";
				FRAMEWORK_VERSION = A;
				INFOPLIST_FILE = EssentialFeed/Info.plist;
				INSTALL_PATH = "$(LOCAL_LIBRARY_DIR)/Frameworks";
				LD_RUNPATH_SEARCH_PATHS = (
					"$(inherited)",
					"@executable_path/../Frameworks",
					"@loader_path/Frameworks",
				);
				PRODUCT_BUNDLE_IDENTIFIER = manigliamauricio.EssentialFeed;
				PRODUCT_NAME = "$(TARGET_NAME:c99extidentifier)";
				SKIP_INSTALL = YES;
				SUPPORTED_PLATFORMS = "macosx iphoneos iphonesimulator";
				SUPPORTS_MACCATALYST = NO;
				SWIFT_VERSION = 5.0;
			};
			name = Release;
		};
		2BFC19E022FA5D3100660AE2 /* Debug */ = {
			isa = XCBuildConfiguration;
			buildSettings = {
				ALWAYS_EMBED_SWIFT_STANDARD_LIBRARIES = YES;
				CODE_SIGN_IDENTITY = "-";
				CODE_SIGN_STYLE = Automatic;
				COMBINE_HIDPI_IMAGES = YES;
				DEVELOPMENT_TEAM = "";
				INFOPLIST_FILE = EssentialFeedTests/Info.plist;
				LD_RUNPATH_SEARCH_PATHS = (
					"$(inherited)",
					"@executable_path/../Frameworks",
					"@loader_path/../Frameworks",
				);
				PRODUCT_BUNDLE_IDENTIFIER = manigliamauricio.EssentialFeedTests;
				PRODUCT_NAME = "$(TARGET_NAME)";
				SUPPORTED_PLATFORMS = "macosx iphoneos iphonesimulator";
				SWIFT_VERSION = 5.0;
			};
			name = Debug;
		};
		2BFC19E122FA5D3100660AE2 /* Release */ = {
			isa = XCBuildConfiguration;
			buildSettings = {
				ALWAYS_EMBED_SWIFT_STANDARD_LIBRARIES = YES;
				CODE_SIGN_IDENTITY = "-";
				CODE_SIGN_STYLE = Automatic;
				COMBINE_HIDPI_IMAGES = YES;
				DEVELOPMENT_TEAM = "";
				INFOPLIST_FILE = EssentialFeedTests/Info.plist;
				LD_RUNPATH_SEARCH_PATHS = (
					"$(inherited)",
					"@executable_path/../Frameworks",
					"@loader_path/../Frameworks",
				);
				PRODUCT_BUNDLE_IDENTIFIER = manigliamauricio.EssentialFeedTests;
				PRODUCT_NAME = "$(TARGET_NAME)";
				SUPPORTED_PLATFORMS = "macosx iphoneos iphonesimulator";
				SWIFT_VERSION = 5.0;
			};
			name = Release;
		};
		2BFE11832378A4C900F3DB3F /* Debug */ = {
			isa = XCBuildConfiguration;
			buildSettings = {
				CODE_SIGN_IDENTITY = "-";
				CODE_SIGN_STYLE = Automatic;
				COMBINE_HIDPI_IMAGES = YES;
				DEVELOPMENT_TEAM = "";
				INFOPLIST_FILE = EssentialFeedCacheIntegrationTests/Info.plist;
				LD_RUNPATH_SEARCH_PATHS = (
					"$(inherited)",
					"@executable_path/../Frameworks",
					"@loader_path/../Frameworks",
				);
				PRODUCT_BUNDLE_IDENTIFIER = manigliamauricio.EssentialFeedCacheIntegrationTests;
				PRODUCT_NAME = "$(TARGET_NAME)";
				SUPPORTED_PLATFORMS = "macosx iphoneos iphonesimulator";
				SWIFT_VERSION = 5.0;
			};
			name = Debug;
		};
		2BFE11842378A4C900F3DB3F /* Release */ = {
			isa = XCBuildConfiguration;
			buildSettings = {
				CODE_SIGN_IDENTITY = "-";
				CODE_SIGN_STYLE = Automatic;
				COMBINE_HIDPI_IMAGES = YES;
				DEVELOPMENT_TEAM = "";
				INFOPLIST_FILE = EssentialFeedCacheIntegrationTests/Info.plist;
				LD_RUNPATH_SEARCH_PATHS = (
					"$(inherited)",
					"@executable_path/../Frameworks",
					"@loader_path/../Frameworks",
				);
				PRODUCT_BUNDLE_IDENTIFIER = manigliamauricio.EssentialFeedCacheIntegrationTests;
				PRODUCT_NAME = "$(TARGET_NAME)";
				SUPPORTED_PLATFORMS = "macosx iphoneos iphonesimulator";
				SWIFT_VERSION = 5.0;
			};
			name = Release;
		};
		424E8BE12385F05C007FCE77 /* Debug */ = {
			isa = XCBuildConfiguration;
			buildSettings = {
				CLANG_ENABLE_MODULES = YES;
				CODE_SIGN_STYLE = Automatic;
				DEFINES_MODULE = YES;
				DYLIB_COMPATIBILITY_VERSION = 1;
				DYLIB_CURRENT_VERSION = 1;
				DYLIB_INSTALL_NAME_BASE = "@rpath";
				INFOPLIST_FILE = EssentialFeediOS/Info.plist;
				INSTALL_PATH = "$(LOCAL_LIBRARY_DIR)/Frameworks";
				IPHONEOS_DEPLOYMENT_TARGET = 13.2;
				LD_RUNPATH_SEARCH_PATHS = (
					"$(inherited)",
					"@executable_path/Frameworks",
					"@loader_path/Frameworks",
				);
				PRODUCT_BUNDLE_IDENTIFIER = com.essentialdeveloper.EssentialFeediOS;
				PRODUCT_NAME = "$(TARGET_NAME:c99extidentifier)";
				SDKROOT = iphoneos;
				SKIP_INSTALL = YES;
				SWIFT_OPTIMIZATION_LEVEL = "-Onone";
				SWIFT_VERSION = 5.0;
				TARGETED_DEVICE_FAMILY = "1,2";
			};
			name = Debug;
		};
		424E8BE22385F05C007FCE77 /* Release */ = {
			isa = XCBuildConfiguration;
			buildSettings = {
				CLANG_ENABLE_MODULES = YES;
				CODE_SIGN_STYLE = Automatic;
				DEFINES_MODULE = YES;
				DYLIB_COMPATIBILITY_VERSION = 1;
				DYLIB_CURRENT_VERSION = 1;
				DYLIB_INSTALL_NAME_BASE = "@rpath";
				INFOPLIST_FILE = EssentialFeediOS/Info.plist;
				INSTALL_PATH = "$(LOCAL_LIBRARY_DIR)/Frameworks";
				IPHONEOS_DEPLOYMENT_TARGET = 13.2;
				LD_RUNPATH_SEARCH_PATHS = (
					"$(inherited)",
					"@executable_path/Frameworks",
					"@loader_path/Frameworks",
				);
				PRODUCT_BUNDLE_IDENTIFIER = com.essentialdeveloper.EssentialFeediOS;
				PRODUCT_NAME = "$(TARGET_NAME:c99extidentifier)";
				SDKROOT = iphoneos;
				SKIP_INSTALL = YES;
				SWIFT_VERSION = 5.0;
				TARGETED_DEVICE_FAMILY = "1,2";
				VALIDATE_PRODUCT = YES;
			};
			name = Release;
		};
		424E8BE42385F05C007FCE77 /* Debug */ = {
			isa = XCBuildConfiguration;
			buildSettings = {
				ALWAYS_EMBED_SWIFT_STANDARD_LIBRARIES = YES;
				CLANG_ENABLE_MODULES = YES;
				CODE_SIGN_STYLE = Automatic;
				INFOPLIST_FILE = EssentialFeediOSTests/Info.plist;
				IPHONEOS_DEPLOYMENT_TARGET = 13.2;
				LD_RUNPATH_SEARCH_PATHS = (
					"$(inherited)",
					"@executable_path/Frameworks",
					"@loader_path/Frameworks",
				);
				PRODUCT_BUNDLE_IDENTIFIER = com.essentialdeveloper.EssentialFeediOSTests;
				PRODUCT_NAME = "$(TARGET_NAME)";
				SDKROOT = iphoneos;
				SWIFT_OPTIMIZATION_LEVEL = "-Onone";
				SWIFT_VERSION = 5.0;
				TARGETED_DEVICE_FAMILY = "1,2";
			};
			name = Debug;
		};
		424E8BE52385F05C007FCE77 /* Release */ = {
			isa = XCBuildConfiguration;
			buildSettings = {
				ALWAYS_EMBED_SWIFT_STANDARD_LIBRARIES = YES;
				CLANG_ENABLE_MODULES = YES;
				CODE_SIGN_STYLE = Automatic;
				INFOPLIST_FILE = EssentialFeediOSTests/Info.plist;
				IPHONEOS_DEPLOYMENT_TARGET = 13.2;
				LD_RUNPATH_SEARCH_PATHS = (
					"$(inherited)",
					"@executable_path/Frameworks",
					"@loader_path/Frameworks",
				);
				PRODUCT_BUNDLE_IDENTIFIER = com.essentialdeveloper.EssentialFeediOSTests;
				PRODUCT_NAME = "$(TARGET_NAME)";
				SDKROOT = iphoneos;
				SWIFT_VERSION = 5.0;
				TARGETED_DEVICE_FAMILY = "1,2";
				VALIDATE_PRODUCT = YES;
			};
			name = Release;
		};
/* End XCBuildConfiguration section */

/* Begin XCConfigurationList section */
		2B17E13A2325ACBC0085553F /* Build configuration list for PBXNativeTarget "EssentialFeedAPIEndToEndTests" */ = {
			isa = XCConfigurationList;
			buildConfigurations = (
				2B17E13B2325ACBC0085553F /* Debug */,
				2B17E13C2325ACBC0085553F /* Release */,
			);
			defaultConfigurationIsVisible = 0;
			defaultConfigurationName = Release;
		};
		2BFC19C222FA5D3000660AE2 /* Build configuration list for PBXProject "EssentialFeed" */ = {
			isa = XCConfigurationList;
			buildConfigurations = (
				2BFC19DA22FA5D3100660AE2 /* Debug */,
				2BFC19DB22FA5D3100660AE2 /* Release */,
			);
			defaultConfigurationIsVisible = 0;
			defaultConfigurationName = Release;
		};
		2BFC19DC22FA5D3100660AE2 /* Build configuration list for PBXNativeTarget "EssentialFeed" */ = {
			isa = XCConfigurationList;
			buildConfigurations = (
				2BFC19DD22FA5D3100660AE2 /* Debug */,
				2BFC19DE22FA5D3100660AE2 /* Release */,
			);
			defaultConfigurationIsVisible = 0;
			defaultConfigurationName = Release;
		};
		2BFC19DF22FA5D3100660AE2 /* Build configuration list for PBXNativeTarget "EssentialFeedTests" */ = {
			isa = XCConfigurationList;
			buildConfigurations = (
				2BFC19E022FA5D3100660AE2 /* Debug */,
				2BFC19E122FA5D3100660AE2 /* Release */,
			);
			defaultConfigurationIsVisible = 0;
			defaultConfigurationName = Release;
		};
		2BFE11852378A4C900F3DB3F /* Build configuration list for PBXNativeTarget "EssentialFeedCacheIntegrationTests" */ = {
			isa = XCConfigurationList;
			buildConfigurations = (
				2BFE11832378A4C900F3DB3F /* Debug */,
				2BFE11842378A4C900F3DB3F /* Release */,
			);
			defaultConfigurationIsVisible = 0;
			defaultConfigurationName = Release;
		};
		424E8BE02385F05C007FCE77 /* Build configuration list for PBXNativeTarget "EssentialFeediOS" */ = {
			isa = XCConfigurationList;
			buildConfigurations = (
				424E8BE12385F05C007FCE77 /* Debug */,
				424E8BE22385F05C007FCE77 /* Release */,
			);
			defaultConfigurationIsVisible = 0;
			defaultConfigurationName = Release;
		};
		424E8BE32385F05C007FCE77 /* Build configuration list for PBXNativeTarget "EssentialFeediOSTests" */ = {
			isa = XCConfigurationList;
			buildConfigurations = (
				424E8BE42385F05C007FCE77 /* Debug */,
				424E8BE52385F05C007FCE77 /* Release */,
			);
			defaultConfigurationIsVisible = 0;
			defaultConfigurationName = Release;
		};
/* End XCConfigurationList section */

/* Begin XCVersionGroup section */
		2BFE116C2374DAC900F3DB3F /* FeedStore.xcdatamodeld */ = {
			isa = XCVersionGroup;
			children = (
				2BFE116D2374DAC900F3DB3F /* FeedStore.xcdatamodel */,
			);
			currentVersion = 2BFE116D2374DAC900F3DB3F /* FeedStore.xcdatamodel */;
			path = FeedStore.xcdatamodeld;
			sourceTree = "<group>";
			versionGroupType = wrapper.xcdatamodel;
		};
/* End XCVersionGroup section */
	};
	rootObject = 2BFC19BF22FA5D3000660AE2 /* Project object */;
}
