// !$*UTF8*$!
{
	archiveVersion = 1;
	classes = {
	};
	objectVersion = 50;
	objects = {

/* Begin PBXBuildFile section */
		1203BE6823F61B1500BC1033 /* AppDelegate.swift in Sources */ = {isa = PBXBuildFile; fileRef = 1203BE6723F61B1500BC1033 /* AppDelegate.swift */; };
		1203BE6A23F61B1500BC1033 /* SceneDelegate.swift in Sources */ = {isa = PBXBuildFile; fileRef = 1203BE6923F61B1500BC1033 /* SceneDelegate.swift */; };
		1203BE6C23F61B1500BC1033 /* ViewController.swift in Sources */ = {isa = PBXBuildFile; fileRef = 1203BE6B23F61B1500BC1033 /* ViewController.swift */; };
		1203BE6F23F61B1500BC1033 /* Main.storyboard in Resources */ = {isa = PBXBuildFile; fileRef = 1203BE6D23F61B1500BC1033 /* Main.storyboard */; };
		1203BE7123F61B1600BC1033 /* Assets.xcassets in Resources */ = {isa = PBXBuildFile; fileRef = 1203BE7023F61B1600BC1033 /* Assets.xcassets */; };
		1203BE7423F61B1600BC1033 /* LaunchScreen.storyboard in Resources */ = {isa = PBXBuildFile; fileRef = 1203BE7223F61B1600BC1033 /* LaunchScreen.storyboard */; };
		1203BE8C23F61B7F00BC1033 /* EssentialFeed.framework in Frameworks */ = {isa = PBXBuildFile; fileRef = 1203BE8A23F61B7F00BC1033 /* EssentialFeed.framework */; };
		1203BE8D23F61B7F00BC1033 /* EssentialFeed.framework in Embed Frameworks */ = {isa = PBXBuildFile; fileRef = 1203BE8A23F61B7F00BC1033 /* EssentialFeed.framework */; settings = {ATTRIBUTES = (CodeSignOnCopy, RemoveHeadersOnCopy, ); }; };
		1203BE8E23F61B7F00BC1033 /* EssentialFeediOS.framework in Frameworks */ = {isa = PBXBuildFile; fileRef = 1203BE8B23F61B7F00BC1033 /* EssentialFeediOS.framework */; };
		1203BE8F23F61B7F00BC1033 /* EssentialFeediOS.framework in Embed Frameworks */ = {isa = PBXBuildFile; fileRef = 1203BE8B23F61B7F00BC1033 /* EssentialFeediOS.framework */; settings = {ATTRIBUTES = (CodeSignOnCopy, RemoveHeadersOnCopy, ); }; };
		12CE7EE023FC4F5B00C4063C /* FeedLoaderCacheDecoratorTests.swift in Sources */ = {isa = PBXBuildFile; fileRef = 12CE7EDF23FC4F5B00C4063C /* FeedLoaderCacheDecoratorTests.swift */; };
		12CE7EE223FC52F000C4063C /* FeedLoaderStub.swift in Sources */ = {isa = PBXBuildFile; fileRef = 12CE7EE123FC52F000C4063C /* FeedLoaderStub.swift */; };
		12CE7EE423FC576200C4063C /* XCTestCase+FeedLoader.swift in Sources */ = {isa = PBXBuildFile; fileRef = 12CE7EE323FC576200C4063C /* XCTestCase+FeedLoader.swift */; };
		12E9F02923F7496900F8EA63 /* FeedLoaderWithFallbackCompositeTests.swift in Sources */ = {isa = PBXBuildFile; fileRef = 12E9F02823F7496900F8EA63 /* FeedLoaderWithFallbackCompositeTests.swift */; };
		12E9F02B23F74E2B00F8EA63 /* FeedLoaderWithFallbackComposite.swift in Sources */ = {isa = PBXBuildFile; fileRef = 12E9F02A23F74E2B00F8EA63 /* FeedLoaderWithFallbackComposite.swift */; };
		12E9F02D23F74EE700F8EA63 /* FeedImageDataLoaderWithFallbackCompositeTests.swift in Sources */ = {isa = PBXBuildFile; fileRef = 12E9F02C23F74EE700F8EA63 /* FeedImageDataLoaderWithFallbackCompositeTests.swift */; };
		12E9F02F23F89BBC00F8EA63 /* FeedImageDataLoaderWithFallbackComposite.swift in Sources */ = {isa = PBXBuildFile; fileRef = 12E9F02E23F89BBC00F8EA63 /* FeedImageDataLoaderWithFallbackComposite.swift */; };
		12E9F03223F89C5B00F8EA63 /* XCTestCase+MemoryLeakTracking.swift in Sources */ = {isa = PBXBuildFile; fileRef = 12E9F03123F89C5B00F8EA63 /* XCTestCase+MemoryLeakTracking.swift */; };
		12E9F03423F89CCF00F8EA63 /* SharedTestHelpers.swift in Sources */ = {isa = PBXBuildFile; fileRef = 12E9F03323F89CCF00F8EA63 /* SharedTestHelpers.swift */; };
/* End PBXBuildFile section */

/* Begin PBXContainerItemProxy section */
		1203BE7B23F61B1600BC1033 /* PBXContainerItemProxy */ = {
			isa = PBXContainerItemProxy;
			containerPortal = 1203BE5C23F61B1500BC1033 /* Project object */;
			proxyType = 1;
			remoteGlobalIDString = 1203BE6323F61B1500BC1033;
			remoteInfo = EssentialApp;
		};
/* End PBXContainerItemProxy section */

/* Begin PBXCopyFilesBuildPhase section */
		1203BE9023F61B7F00BC1033 /* Embed Frameworks */ = {
			isa = PBXCopyFilesBuildPhase;
			buildActionMask = 2147483647;
			dstPath = "";
			dstSubfolderSpec = 10;
			files = (
				1203BE8D23F61B7F00BC1033 /* EssentialFeed.framework in Embed Frameworks */,
				1203BE8F23F61B7F00BC1033 /* EssentialFeediOS.framework in Embed Frameworks */,
			);
			name = "Embed Frameworks";
			runOnlyForDeploymentPostprocessing = 0;
		};
/* End PBXCopyFilesBuildPhase section */

/* Begin PBXFileReference section */
		1203BE6423F61B1500BC1033 /* EssentialApp.app */ = {isa = PBXFileReference; explicitFileType = wrapper.application; includeInIndex = 0; path = EssentialApp.app; sourceTree = BUILT_PRODUCTS_DIR; };
		1203BE6723F61B1500BC1033 /* AppDelegate.swift */ = {isa = PBXFileReference; lastKnownFileType = sourcecode.swift; path = AppDelegate.swift; sourceTree = "<group>"; };
		1203BE6923F61B1500BC1033 /* SceneDelegate.swift */ = {isa = PBXFileReference; lastKnownFileType = sourcecode.swift; path = SceneDelegate.swift; sourceTree = "<group>"; };
		1203BE6B23F61B1500BC1033 /* ViewController.swift */ = {isa = PBXFileReference; lastKnownFileType = sourcecode.swift; path = ViewController.swift; sourceTree = "<group>"; };
		1203BE6E23F61B1500BC1033 /* Base */ = {isa = PBXFileReference; lastKnownFileType = file.storyboard; name = Base; path = Base.lproj/Main.storyboard; sourceTree = "<group>"; };
		1203BE7023F61B1600BC1033 /* Assets.xcassets */ = {isa = PBXFileReference; lastKnownFileType = folder.assetcatalog; path = Assets.xcassets; sourceTree = "<group>"; };
		1203BE7323F61B1600BC1033 /* Base */ = {isa = PBXFileReference; lastKnownFileType = file.storyboard; name = Base; path = Base.lproj/LaunchScreen.storyboard; sourceTree = "<group>"; };
		1203BE7523F61B1600BC1033 /* Info.plist */ = {isa = PBXFileReference; lastKnownFileType = text.plist.xml; path = Info.plist; sourceTree = "<group>"; };
		1203BE7A23F61B1600BC1033 /* EssentialAppTests.xctest */ = {isa = PBXFileReference; explicitFileType = wrapper.cfbundle; includeInIndex = 0; path = EssentialAppTests.xctest; sourceTree = BUILT_PRODUCTS_DIR; };
		1203BE8023F61B1600BC1033 /* Info.plist */ = {isa = PBXFileReference; lastKnownFileType = text.plist.xml; path = Info.plist; sourceTree = "<group>"; };
		1203BE8A23F61B7F00BC1033 /* EssentialFeed.framework */ = {isa = PBXFileReference; explicitFileType = wrapper.framework; path = EssentialFeed.framework; sourceTree = BUILT_PRODUCTS_DIR; };
		1203BE8B23F61B7F00BC1033 /* EssentialFeediOS.framework */ = {isa = PBXFileReference; explicitFileType = wrapper.framework; path = EssentialFeediOS.framework; sourceTree = BUILT_PRODUCTS_DIR; };
		12CE7EDF23FC4F5B00C4063C /* FeedLoaderCacheDecoratorTests.swift */ = {isa = PBXFileReference; lastKnownFileType = sourcecode.swift; path = FeedLoaderCacheDecoratorTests.swift; sourceTree = "<group>"; };
		12CE7EE123FC52F000C4063C /* FeedLoaderStub.swift */ = {isa = PBXFileReference; lastKnownFileType = sourcecode.swift; path = FeedLoaderStub.swift; sourceTree = "<group>"; };
		12CE7EE323FC576200C4063C /* XCTestCase+FeedLoader.swift */ = {isa = PBXFileReference; lastKnownFileType = sourcecode.swift; path = "XCTestCase+FeedLoader.swift"; sourceTree = "<group>"; };
		12E9F02823F7496900F8EA63 /* FeedLoaderWithFallbackCompositeTests.swift */ = {isa = PBXFileReference; lastKnownFileType = sourcecode.swift; path = FeedLoaderWithFallbackCompositeTests.swift; sourceTree = "<group>"; };
		12E9F02A23F74E2B00F8EA63 /* FeedLoaderWithFallbackComposite.swift */ = {isa = PBXFileReference; lastKnownFileType = sourcecode.swift; path = FeedLoaderWithFallbackComposite.swift; sourceTree = "<group>"; };
		12E9F02C23F74EE700F8EA63 /* FeedImageDataLoaderWithFallbackCompositeTests.swift */ = {isa = PBXFileReference; lastKnownFileType = sourcecode.swift; path = FeedImageDataLoaderWithFallbackCompositeTests.swift; sourceTree = "<group>"; };
		12E9F02E23F89BBC00F8EA63 /* FeedImageDataLoaderWithFallbackComposite.swift */ = {isa = PBXFileReference; lastKnownFileType = sourcecode.swift; path = FeedImageDataLoaderWithFallbackComposite.swift; sourceTree = "<group>"; };
		12E9F03123F89C5B00F8EA63 /* XCTestCase+MemoryLeakTracking.swift */ = {isa = PBXFileReference; lastKnownFileType = sourcecode.swift; path = "XCTestCase+MemoryLeakTracking.swift"; sourceTree = "<group>"; };
		12E9F03323F89CCF00F8EA63 /* SharedTestHelpers.swift */ = {isa = PBXFileReference; lastKnownFileType = sourcecode.swift; path = SharedTestHelpers.swift; sourceTree = "<group>"; };
/* End PBXFileReference section */

/* Begin PBXFrameworksBuildPhase section */
		1203BE6123F61B1500BC1033 /* Frameworks */ = {
			isa = PBXFrameworksBuildPhase;
			buildActionMask = 2147483647;
			files = (
				1203BE8C23F61B7F00BC1033 /* EssentialFeed.framework in Frameworks */,
				1203BE8E23F61B7F00BC1033 /* EssentialFeediOS.framework in Frameworks */,
			);
			runOnlyForDeploymentPostprocessing = 0;
		};
		1203BE7723F61B1600BC1033 /* Frameworks */ = {
			isa = PBXFrameworksBuildPhase;
			buildActionMask = 2147483647;
			files = (
			);
			runOnlyForDeploymentPostprocessing = 0;
		};
/* End PBXFrameworksBuildPhase section */

/* Begin PBXGroup section */
		1203BE5B23F61B1500BC1033 = {
			isa = PBXGroup;
			children = (
				1203BE6623F61B1500BC1033 /* EssentialApp */,
				1203BE7D23F61B1600BC1033 /* EssentialAppTests */,
				1203BE6523F61B1500BC1033 /* Products */,
				1203BE8923F61B7F00BC1033 /* Frameworks */,
			);
			sourceTree = "<group>";
		};
		1203BE6523F61B1500BC1033 /* Products */ = {
			isa = PBXGroup;
			children = (
				1203BE6423F61B1500BC1033 /* EssentialApp.app */,
				1203BE7A23F61B1600BC1033 /* EssentialAppTests.xctest */,
			);
			name = Products;
			sourceTree = "<group>";
		};
		1203BE6623F61B1500BC1033 /* EssentialApp */ = {
			isa = PBXGroup;
			children = (
				1203BE6723F61B1500BC1033 /* AppDelegate.swift */,
				1203BE6923F61B1500BC1033 /* SceneDelegate.swift */,
				1203BE6B23F61B1500BC1033 /* ViewController.swift */,
				1203BE6D23F61B1500BC1033 /* Main.storyboard */,
				1203BE7023F61B1600BC1033 /* Assets.xcassets */,
				1203BE7223F61B1600BC1033 /* LaunchScreen.storyboard */,
				1203BE7523F61B1600BC1033 /* Info.plist */,
				12E9F02A23F74E2B00F8EA63 /* FeedLoaderWithFallbackComposite.swift */,
				12E9F02E23F89BBC00F8EA63 /* FeedImageDataLoaderWithFallbackComposite.swift */,
			);
			path = EssentialApp;
			sourceTree = "<group>";
		};
		1203BE7D23F61B1600BC1033 /* EssentialAppTests */ = {
			isa = PBXGroup;
			children = (
				12E9F03023F89C4E00F8EA63 /* Helpers */,
				1203BE8023F61B1600BC1033 /* Info.plist */,
				12E9F02823F7496900F8EA63 /* FeedLoaderWithFallbackCompositeTests.swift */,
				12E9F02C23F74EE700F8EA63 /* FeedImageDataLoaderWithFallbackCompositeTests.swift */,
				12CE7EDF23FC4F5B00C4063C /* FeedLoaderCacheDecoratorTests.swift */,
			);
			path = EssentialAppTests;
			sourceTree = "<group>";
		};
		1203BE8923F61B7F00BC1033 /* Frameworks */ = {
			isa = PBXGroup;
			children = (
				1203BE8A23F61B7F00BC1033 /* EssentialFeed.framework */,
				1203BE8B23F61B7F00BC1033 /* EssentialFeediOS.framework */,
			);
			name = Frameworks;
			sourceTree = "<group>";
		};
		12E9F03023F89C4E00F8EA63 /* Helpers */ = {
			isa = PBXGroup;
			children = (
				12E9F03123F89C5B00F8EA63 /* XCTestCase+MemoryLeakTracking.swift */,
				12E9F03323F89CCF00F8EA63 /* SharedTestHelpers.swift */,
				12CE7EE123FC52F000C4063C /* FeedLoaderStub.swift */,
				12CE7EE323FC576200C4063C /* XCTestCase+FeedLoader.swift */,
			);
			path = Helpers;
			sourceTree = "<group>";
		};
/* End PBXGroup section */

/* Begin PBXNativeTarget section */
		1203BE6323F61B1500BC1033 /* EssentialApp */ = {
			isa = PBXNativeTarget;
			buildConfigurationList = 1203BE8323F61B1600BC1033 /* Build configuration list for PBXNativeTarget "EssentialApp" */;
			buildPhases = (
				1203BE6023F61B1500BC1033 /* Sources */,
				1203BE6123F61B1500BC1033 /* Frameworks */,
				1203BE6223F61B1500BC1033 /* Resources */,
				1203BE9023F61B7F00BC1033 /* Embed Frameworks */,
			);
			buildRules = (
			);
			dependencies = (
			);
			name = EssentialApp;
			productName = EssentialApp;
			productReference = 1203BE6423F61B1500BC1033 /* EssentialApp.app */;
			productType = "com.apple.product-type.application";
		};
		1203BE7923F61B1600BC1033 /* EssentialAppTests */ = {
			isa = PBXNativeTarget;
			buildConfigurationList = 1203BE8623F61B1600BC1033 /* Build configuration list for PBXNativeTarget "EssentialAppTests" */;
			buildPhases = (
				1203BE7623F61B1600BC1033 /* Sources */,
				1203BE7723F61B1600BC1033 /* Frameworks */,
				1203BE7823F61B1600BC1033 /* Resources */,
			);
			buildRules = (
			);
			dependencies = (
				1203BE7C23F61B1600BC1033 /* PBXTargetDependency */,
			);
			name = EssentialAppTests;
			productName = EssentialAppTests;
			productReference = 1203BE7A23F61B1600BC1033 /* EssentialAppTests.xctest */;
			productType = "com.apple.product-type.bundle.unit-test";
		};
/* End PBXNativeTarget section */

/* Begin PBXProject section */
		1203BE5C23F61B1500BC1033 /* Project object */ = {
			isa = PBXProject;
			attributes = {
				LastSwiftUpdateCheck = 1130;
				LastUpgradeCheck = 1130;
				ORGANIZATIONNAME = "Mauricio Cesar Maniglia Junior";
				TargetAttributes = {
					1203BE6323F61B1500BC1033 = {
						CreatedOnToolsVersion = 11.3.1;
					};
					1203BE7923F61B1600BC1033 = {
						CreatedOnToolsVersion = 11.3.1;
						LastSwiftMigration = 1130;
						TestTargetID = 1203BE6323F61B1500BC1033;
					};
				};
			};
			buildConfigurationList = 1203BE5F23F61B1500BC1033 /* Build configuration list for PBXProject "EssentialApp" */;
			compatibilityVersion = "Xcode 9.3";
			developmentRegion = en;
			hasScannedForEncodings = 0;
			knownRegions = (
				en,
				Base,
			);
			mainGroup = 1203BE5B23F61B1500BC1033;
			productRefGroup = 1203BE6523F61B1500BC1033 /* Products */;
			projectDirPath = "";
			projectRoot = "";
			targets = (
				1203BE6323F61B1500BC1033 /* EssentialApp */,
				1203BE7923F61B1600BC1033 /* EssentialAppTests */,
			);
		};
/* End PBXProject section */

/* Begin PBXResourcesBuildPhase section */
		1203BE6223F61B1500BC1033 /* Resources */ = {
			isa = PBXResourcesBuildPhase;
			buildActionMask = 2147483647;
			files = (
				1203BE7423F61B1600BC1033 /* LaunchScreen.storyboard in Resources */,
				1203BE7123F61B1600BC1033 /* Assets.xcassets in Resources */,
				1203BE6F23F61B1500BC1033 /* Main.storyboard in Resources */,
			);
			runOnlyForDeploymentPostprocessing = 0;
		};
		1203BE7823F61B1600BC1033 /* Resources */ = {
			isa = PBXResourcesBuildPhase;
			buildActionMask = 2147483647;
			files = (
			);
			runOnlyForDeploymentPostprocessing = 0;
		};
/* End PBXResourcesBuildPhase section */

/* Begin PBXSourcesBuildPhase section */
		1203BE6023F61B1500BC1033 /* Sources */ = {
			isa = PBXSourcesBuildPhase;
			buildActionMask = 2147483647;
			files = (
				1203BE6C23F61B1500BC1033 /* ViewController.swift in Sources */,
				1203BE6823F61B1500BC1033 /* AppDelegate.swift in Sources */,
				12E9F02B23F74E2B00F8EA63 /* FeedLoaderWithFallbackComposite.swift in Sources */,
				1203BE6A23F61B1500BC1033 /* SceneDelegate.swift in Sources */,
				12E9F02F23F89BBC00F8EA63 /* FeedImageDataLoaderWithFallbackComposite.swift in Sources */,
			);
			runOnlyForDeploymentPostprocessing = 0;
		};
		1203BE7623F61B1600BC1033 /* Sources */ = {
			isa = PBXSourcesBuildPhase;
			buildActionMask = 2147483647;
			files = (
				12E9F03423F89CCF00F8EA63 /* SharedTestHelpers.swift in Sources */,
				12CE7EE423FC576200C4063C /* XCTestCase+FeedLoader.swift in Sources */,
				12CE7EE023FC4F5B00C4063C /* FeedLoaderCacheDecoratorTests.swift in Sources */,
				12E9F02D23F74EE700F8EA63 /* FeedImageDataLoaderWithFallbackCompositeTests.swift in Sources */,
				12E9F02923F7496900F8EA63 /* FeedLoaderWithFallbackCompositeTests.swift in Sources */,
				12CE7EE223FC52F000C4063C /* FeedLoaderStub.swift in Sources */,
				12E9F03223F89C5B00F8EA63 /* XCTestCase+MemoryLeakTracking.swift in Sources */,
			);
			runOnlyForDeploymentPostprocessing = 0;
		};
/* End PBXSourcesBuildPhase section */

/* Begin PBXTargetDependency section */
		1203BE7C23F61B1600BC1033 /* PBXTargetDependency */ = {
			isa = PBXTargetDependency;
			target = 1203BE6323F61B1500BC1033 /* EssentialApp */;
			targetProxy = 1203BE7B23F61B1600BC1033 /* PBXContainerItemProxy */;
		};
/* End PBXTargetDependency section */

/* Begin PBXVariantGroup section */
		1203BE6D23F61B1500BC1033 /* Main.storyboard */ = {
			isa = PBXVariantGroup;
			children = (
				1203BE6E23F61B1500BC1033 /* Base */,
			);
			name = Main.storyboard;
			sourceTree = "<group>";
		};
		1203BE7223F61B1600BC1033 /* LaunchScreen.storyboard */ = {
			isa = PBXVariantGroup;
			children = (
				1203BE7323F61B1600BC1033 /* Base */,
			);
			name = LaunchScreen.storyboard;
			sourceTree = "<group>";
		};
/* End PBXVariantGroup section */

/* Begin XCBuildConfiguration section */
		1203BE8123F61B1600BC1033 /* Debug */ = {
			isa = XCBuildConfiguration;
			buildSettings = {
				ALWAYS_SEARCH_USER_PATHS = NO;
				CLANG_ANALYZER_NONNULL = YES;
				CLANG_ANALYZER_NUMBER_OBJECT_CONVERSION = YES_AGGRESSIVE;
				CLANG_CXX_LANGUAGE_STANDARD = "gnu++14";
				CLANG_CXX_LIBRARY = "libc++";
				CLANG_ENABLE_MODULES = YES;
				CLANG_ENABLE_OBJC_ARC = YES;
				CLANG_ENABLE_OBJC_WEAK = YES;
				CLANG_WARN_BLOCK_CAPTURE_AUTORELEASING = YES;
				CLANG_WARN_BOOL_CONVERSION = YES;
				CLANG_WARN_COMMA = YES;
				CLANG_WARN_CONSTANT_CONVERSION = YES;
				CLANG_WARN_DEPRECATED_OBJC_IMPLEMENTATIONS = YES;
				CLANG_WARN_DIRECT_OBJC_ISA_USAGE = YES_ERROR;
				CLANG_WARN_DOCUMENTATION_COMMENTS = YES;
				CLANG_WARN_EMPTY_BODY = YES;
				CLANG_WARN_ENUM_CONVERSION = YES;
				CLANG_WARN_INFINITE_RECURSION = YES;
				CLANG_WARN_INT_CONVERSION = YES;
				CLANG_WARN_NON_LITERAL_NULL_CONVERSION = YES;
				CLANG_WARN_OBJC_IMPLICIT_RETAIN_SELF = YES;
				CLANG_WARN_OBJC_LITERAL_CONVERSION = YES;
				CLANG_WARN_OBJC_ROOT_CLASS = YES_ERROR;
				CLANG_WARN_RANGE_LOOP_ANALYSIS = YES;
				CLANG_WARN_STRICT_PROTOTYPES = YES;
				CLANG_WARN_SUSPICIOUS_MOVE = YES;
				CLANG_WARN_UNGUARDED_AVAILABILITY = YES_AGGRESSIVE;
				CLANG_WARN_UNREACHABLE_CODE = YES;
				CLANG_WARN__DUPLICATE_METHOD_MATCH = YES;
				COPY_PHASE_STRIP = NO;
				DEBUG_INFORMATION_FORMAT = dwarf;
				ENABLE_STRICT_OBJC_MSGSEND = YES;
				ENABLE_TESTABILITY = YES;
				GCC_C_LANGUAGE_STANDARD = gnu11;
				GCC_DYNAMIC_NO_PIC = NO;
				GCC_NO_COMMON_BLOCKS = YES;
				GCC_OPTIMIZATION_LEVEL = 0;
				GCC_PREPROCESSOR_DEFINITIONS = (
					"DEBUG=1",
					"$(inherited)",
				);
				GCC_WARN_64_TO_32_BIT_CONVERSION = YES;
				GCC_WARN_ABOUT_RETURN_TYPE = YES_ERROR;
				GCC_WARN_UNDECLARED_SELECTOR = YES;
				GCC_WARN_UNINITIALIZED_AUTOS = YES_AGGRESSIVE;
				GCC_WARN_UNUSED_FUNCTION = YES;
				GCC_WARN_UNUSED_VARIABLE = YES;
				IPHONEOS_DEPLOYMENT_TARGET = 13.2;
				MTL_ENABLE_DEBUG_INFO = INCLUDE_SOURCE;
				MTL_FAST_MATH = YES;
				ONLY_ACTIVE_ARCH = YES;
				SDKROOT = iphoneos;
				SWIFT_ACTIVE_COMPILATION_CONDITIONS = DEBUG;
				SWIFT_OPTIMIZATION_LEVEL = "-Onone";
			};
			name = Debug;
		};
		1203BE8223F61B1600BC1033 /* Release */ = {
			isa = XCBuildConfiguration;
			buildSettings = {
				ALWAYS_SEARCH_USER_PATHS = NO;
				CLANG_ANALYZER_NONNULL = YES;
				CLANG_ANALYZER_NUMBER_OBJECT_CONVERSION = YES_AGGRESSIVE;
				CLANG_CXX_LANGUAGE_STANDARD = "gnu++14";
				CLANG_CXX_LIBRARY = "libc++";
				CLANG_ENABLE_MODULES = YES;
				CLANG_ENABLE_OBJC_ARC = YES;
				CLANG_ENABLE_OBJC_WEAK = YES;
				CLANG_WARN_BLOCK_CAPTURE_AUTORELEASING = YES;
				CLANG_WARN_BOOL_CONVERSION = YES;
				CLANG_WARN_COMMA = YES;
				CLANG_WARN_CONSTANT_CONVERSION = YES;
				CLANG_WARN_DEPRECATED_OBJC_IMPLEMENTATIONS = YES;
				CLANG_WARN_DIRECT_OBJC_ISA_USAGE = YES_ERROR;
				CLANG_WARN_DOCUMENTATION_COMMENTS = YES;
				CLANG_WARN_EMPTY_BODY = YES;
				CLANG_WARN_ENUM_CONVERSION = YES;
				CLANG_WARN_INFINITE_RECURSION = YES;
				CLANG_WARN_INT_CONVERSION = YES;
				CLANG_WARN_NON_LITERAL_NULL_CONVERSION = YES;
				CLANG_WARN_OBJC_IMPLICIT_RETAIN_SELF = YES;
				CLANG_WARN_OBJC_LITERAL_CONVERSION = YES;
				CLANG_WARN_OBJC_ROOT_CLASS = YES_ERROR;
				CLANG_WARN_RANGE_LOOP_ANALYSIS = YES;
				CLANG_WARN_STRICT_PROTOTYPES = YES;
				CLANG_WARN_SUSPICIOUS_MOVE = YES;
				CLANG_WARN_UNGUARDED_AVAILABILITY = YES_AGGRESSIVE;
				CLANG_WARN_UNREACHABLE_CODE = YES;
				CLANG_WARN__DUPLICATE_METHOD_MATCH = YES;
				COPY_PHASE_STRIP = NO;
				DEBUG_INFORMATION_FORMAT = "dwarf-with-dsym";
				ENABLE_NS_ASSERTIONS = NO;
				ENABLE_STRICT_OBJC_MSGSEND = YES;
				GCC_C_LANGUAGE_STANDARD = gnu11;
				GCC_NO_COMMON_BLOCKS = YES;
				GCC_WARN_64_TO_32_BIT_CONVERSION = YES;
				GCC_WARN_ABOUT_RETURN_TYPE = YES_ERROR;
				GCC_WARN_UNDECLARED_SELECTOR = YES;
				GCC_WARN_UNINITIALIZED_AUTOS = YES_AGGRESSIVE;
				GCC_WARN_UNUSED_FUNCTION = YES;
				GCC_WARN_UNUSED_VARIABLE = YES;
				IPHONEOS_DEPLOYMENT_TARGET = 13.2;
				MTL_ENABLE_DEBUG_INFO = NO;
				MTL_FAST_MATH = YES;
				SDKROOT = iphoneos;
				SWIFT_COMPILATION_MODE = wholemodule;
				SWIFT_OPTIMIZATION_LEVEL = "-O";
				VALIDATE_PRODUCT = YES;
			};
			name = Release;
		};
		1203BE8423F61B1600BC1033 /* Debug */ = {
			isa = XCBuildConfiguration;
			buildSettings = {
				ASSETCATALOG_COMPILER_APPICON_NAME = AppIcon;
				CODE_SIGN_STYLE = Automatic;
				INFOPLIST_FILE = EssentialApp/Info.plist;
				LD_RUNPATH_SEARCH_PATHS = (
					"$(inherited)",
					"@executable_path/Frameworks",
				);
				PRODUCT_BUNDLE_IDENTIFIER = manigliamauricio.EssentialApp;
				PRODUCT_NAME = "$(TARGET_NAME)";
				SWIFT_VERSION = 5.0;
				TARGETED_DEVICE_FAMILY = "1,2";
			};
			name = Debug;
		};
		1203BE8523F61B1600BC1033 /* Release */ = {
			isa = XCBuildConfiguration;
			buildSettings = {
				ASSETCATALOG_COMPILER_APPICON_NAME = AppIcon;
				CODE_SIGN_STYLE = Automatic;
				INFOPLIST_FILE = EssentialApp/Info.plist;
				LD_RUNPATH_SEARCH_PATHS = (
					"$(inherited)",
					"@executable_path/Frameworks",
				);
				PRODUCT_BUNDLE_IDENTIFIER = manigliamauricio.EssentialApp;
				PRODUCT_NAME = "$(TARGET_NAME)";
				SWIFT_VERSION = 5.0;
				TARGETED_DEVICE_FAMILY = "1,2";
			};
			name = Release;
		};
		1203BE8723F61B1600BC1033 /* Debug */ = {
			isa = XCBuildConfiguration;
			buildSettings = {
				ALWAYS_EMBED_SWIFT_STANDARD_LIBRARIES = YES;
				BUNDLE_LOADER = "$(TEST_HOST)";
				CLANG_ENABLE_MODULES = YES;
				CODE_SIGN_STYLE = Automatic;
				INFOPLIST_FILE = EssentialAppTests/Info.plist;
				IPHONEOS_DEPLOYMENT_TARGET = 13.2;
				LD_RUNPATH_SEARCH_PATHS = (
					"$(inherited)",
					"@executable_path/Frameworks",
					"@loader_path/Frameworks",
				);
				PRODUCT_BUNDLE_IDENTIFIER = manigliamauricio.EssentialAppTests;
				PRODUCT_NAME = "$(TARGET_NAME)";
				SWIFT_OPTIMIZATION_LEVEL = "-Onone";
				SWIFT_VERSION = 5.0;
				TARGETED_DEVICE_FAMILY = "1,2";
				TEST_HOST = "$(BUILT_PRODUCTS_DIR)/EssentialApp.app/EssentialApp";
			};
			name = Debug;
		};
		1203BE8823F61B1600BC1033 /* Release */ = {
			isa = XCBuildConfiguration;
			buildSettings = {
				ALWAYS_EMBED_SWIFT_STANDARD_LIBRARIES = YES;
				BUNDLE_LOADER = "$(TEST_HOST)";
				CLANG_ENABLE_MODULES = YES;
				CODE_SIGN_STYLE = Automatic;
				INFOPLIST_FILE = EssentialAppTests/Info.plist;
				IPHONEOS_DEPLOYMENT_TARGET = 13.2;
				LD_RUNPATH_SEARCH_PATHS = (
					"$(inherited)",
					"@executable_path/Frameworks",
					"@loader_path/Frameworks",
				);
				PRODUCT_BUNDLE_IDENTIFIER = manigliamauricio.EssentialAppTests;
				PRODUCT_NAME = "$(TARGET_NAME)";
				SWIFT_VERSION = 5.0;
				TARGETED_DEVICE_FAMILY = "1,2";
				TEST_HOST = "$(BUILT_PRODUCTS_DIR)/EssentialApp.app/EssentialApp";
			};
			name = Release;
		};
/* End XCBuildConfiguration section */

/* Begin XCConfigurationList section */
		1203BE5F23F61B1500BC1033 /* Build configuration list for PBXProject "EssentialApp" */ = {
			isa = XCConfigurationList;
			buildConfigurations = (
				1203BE8123F61B1600BC1033 /* Debug */,
				1203BE8223F61B1600BC1033 /* Release */,
			);
			defaultConfigurationIsVisible = 0;
			defaultConfigurationName = Release;
		};
		1203BE8323F61B1600BC1033 /* Build configuration list for PBXNativeTarget "EssentialApp" */ = {
			isa = XCConfigurationList;
			buildConfigurations = (
				1203BE8423F61B1600BC1033 /* Debug */,
				1203BE8523F61B1600BC1033 /* Release */,
			);
			defaultConfigurationIsVisible = 0;
			defaultConfigurationName = Release;
		};
		1203BE8623F61B1600BC1033 /* Build configuration list for PBXNativeTarget "EssentialAppTests" */ = {
			isa = XCConfigurationList;
			buildConfigurations = (
				1203BE8723F61B1600BC1033 /* Debug */,
				1203BE8823F61B1600BC1033 /* Release */,
			);
			defaultConfigurationIsVisible = 0;
			defaultConfigurationName = Release;
		};
/* End XCConfigurationList section */
	};
	rootObject = 1203BE5C23F61B1500BC1033 /* Project object */;
}
